// !$*UTF8*$!
{
	archiveVersion = 1;
	classes = {
	};
	objectVersion = 42;
	objects = {

/* Begin PBXBuildFile section */
		460A392714E2DC4F004A3450 /* backgroundSubtractionExample.cpp in Sources */ = {isa = PBXBuildFile; fileRef = 460A38D914E2DC4E004A3450 /* backgroundSubtractionExample.cpp */; };
		460A392814E2DC4F004A3450 /* customDrawer.cpp in Sources */ = {isa = PBXBuildFile; fileRef = 460A38DB14E2DC4E004A3450 /* customDrawer.cpp */; };
		460A392914E2DC4F004A3450 /* main.cpp in Sources */ = {isa = PBXBuildFile; fileRef = 460A38DD14E2DC4E004A3450 /* main.cpp */; };
		460A392A14E2DC4F004A3450 /* guiBaseObject.cpp in Sources */ = {isa = PBXBuildFile; fileRef = 460A38E114E2DC4E004A3450 /* guiBaseObject.cpp */; };
		460A392B14E2DC4F004A3450 /* guiCallback.cpp in Sources */ = {isa = PBXBuildFile; fileRef = 460A38E314E2DC4E004A3450 /* guiCallback.cpp */; };
		460A392C14E2DC4F004A3450 /* guiCallbackValue.cpp in Sources */ = {isa = PBXBuildFile; fileRef = 460A38E514E2DC4E004A3450 /* guiCallbackValue.cpp */; };
		460A392D14E2DC4F004A3450 /* guiColor.cpp in Sources */ = {isa = PBXBuildFile; fileRef = 460A38E714E2DC4E004A3450 /* guiColor.cpp */; };
		460A392E14E2DC4F004A3450 /* guiTextBase.cpp in Sources */ = {isa = PBXBuildFile; fileRef = 460A38EB14E2DC4E004A3450 /* guiTextBase.cpp */; };
		460A392F14E2DC4F004A3450 /* guiType2DSlider.cpp in Sources */ = {isa = PBXBuildFile; fileRef = 460A38ED14E2DC4E004A3450 /* guiType2DSlider.cpp */; };
		460A393014E2DC4F004A3450 /* guiTypeButtonSlider.cpp in Sources */ = {isa = PBXBuildFile; fileRef = 460A38EF14E2DC4E004A3450 /* guiTypeButtonSlider.cpp */; };
		460A393114E2DC4F004A3450 /* guiTypeChartPlotter.cpp in Sources */ = {isa = PBXBuildFile; fileRef = 460A38F114E2DC4E004A3450 /* guiTypeChartPlotter.cpp */; };
		460A393214E2DC4F004A3450 /* guiTypeCustom.cpp in Sources */ = {isa = PBXBuildFile; fileRef = 460A38F314E2DC4E004A3450 /* guiTypeCustom.cpp */; };
		460A393314E2DC4F004A3450 /* guiTypeDrawable.cpp in Sources */ = {isa = PBXBuildFile; fileRef = 460A38F514E2DC4E004A3450 /* guiTypeDrawable.cpp */; };
		460A393414E2DC4F004A3450 /* guiTypeFileLister.cpp in Sources */ = {isa = PBXBuildFile; fileRef = 460A38F714E2DC4E004A3450 /* guiTypeFileLister.cpp */; };
		460A393514E2DC4F004A3450 /* guiTypeLabel.cpp in Sources */ = {isa = PBXBuildFile; fileRef = 460A38F914E2DC4E004A3450 /* guiTypeLabel.cpp */; };
		460A393614E2DC4F004A3450 /* guiTypeLogger.cpp in Sources */ = {isa = PBXBuildFile; fileRef = 460A38FB14E2DC4E004A3450 /* guiTypeLogger.cpp */; };
		460A393714E2DC4F004A3450 /* guiTypeMultiToggle.cpp in Sources */ = {isa = PBXBuildFile; fileRef = 460A38FD14E2DC4E004A3450 /* guiTypeMultiToggle.cpp */; };
		460A393814E2DC4F004A3450 /* guiTypePanel.cpp in Sources */ = {isa = PBXBuildFile; fileRef = 460A38FF14E2DC4E004A3450 /* guiTypePanel.cpp */; };
		460A393914E2DC4F004A3450 /* guiTypeSlider.cpp in Sources */ = {isa = PBXBuildFile; fileRef = 460A390114E2DC4E004A3450 /* guiTypeSlider.cpp */; };
		460A393A14E2DC4F004A3450 /* guiTypeText.cpp in Sources */ = {isa = PBXBuildFile; fileRef = 460A390314E2DC4E004A3450 /* guiTypeText.cpp */; };
		460A393B14E2DC4F004A3450 /* guiTypeTextDropDown.cpp in Sources */ = {isa = PBXBuildFile; fileRef = 460A390514E2DC4E004A3450 /* guiTypeTextDropDown.cpp */; };
		460A393C14E2DC4F004A3450 /* guiTypeTextInput.cpp in Sources */ = {isa = PBXBuildFile; fileRef = 460A390714E2DC4E004A3450 /* guiTypeTextInput.cpp */; };
		460A393D14E2DC4F004A3450 /* guiTypeToggle.cpp in Sources */ = {isa = PBXBuildFile; fileRef = 460A390914E2DC4E004A3450 /* guiTypeToggle.cpp */; };
		460A393E14E2DC4F004A3450 /* guiTypeVairableLister.cpp in Sources */ = {isa = PBXBuildFile; fileRef = 460A390B14E2DC4E004A3450 /* guiTypeVairableLister.cpp */; };
		460A393F14E2DC4F004A3450 /* guiTypeVideo.cpp in Sources */ = {isa = PBXBuildFile; fileRef = 460A390D14E2DC4E004A3450 /* guiTypeVideo.cpp */; };
		460A394014E2DC4F004A3450 /* guiValue.cpp in Sources */ = {isa = PBXBuildFile; fileRef = 460A390F14E2DC4E004A3450 /* guiValue.cpp */; };
		460A394114E2DC4F004A3450 /* ofxControlPanel.cpp in Sources */ = {isa = PBXBuildFile; fileRef = 460A391314E2DC4E004A3450 /* ofxControlPanel.cpp */; };
		460A394214E2DC4F004A3450 /* simpleColor.cpp in Sources */ = {isa = PBXBuildFile; fileRef = 460A391514E2DC4E004A3450 /* simpleColor.cpp */; };
		460A394314E2DC4F004A3450 /* simpleFileLister.cpp in Sources */ = {isa = PBXBuildFile; fileRef = 460A391714E2DC4E004A3450 /* simpleFileLister.cpp */; };
		460A394414E2DC4F004A3450 /* simpleLogger.cpp in Sources */ = {isa = PBXBuildFile; fileRef = 460A391914E2DC4E004A3450 /* simpleLogger.cpp */; };
		460A394514E2DC4F004A3450 /* testApp.cpp in Sources */ = {isa = PBXBuildFile; fileRef = 460A391B14E2DC4E004A3450 /* testApp.cpp */; };
		460A394614E2DC4F004A3450 /* vectorField.cpp in Sources */ = {isa = PBXBuildFile; fileRef = 460A391E14E2DC4E004A3450 /* vectorField.cpp */; };
		460A394714E2DC4F004A3450 /* videoMotionExample.cpp in Sources */ = {isa = PBXBuildFile; fileRef = 460A392014E2DC4E004A3450 /* videoMotionExample.cpp */; };
		531AF6D4144D2434000DA4AA /* ofxControlPanel.cpp in Sources */ = {isa = PBXBuildFile; fileRef = 531AF6CF144D2434000DA4AA /* ofxControlPanel.cpp */; };
		531AF6DF144D2478000DA4AA /* tinyxml.cpp in Sources */ = {isa = PBXBuildFile; fileRef = 531AF6D8144D2478000DA4AA /* tinyxml.cpp */; };
		531AF6E0144D2478000DA4AA /* tinyxmlerror.cpp in Sources */ = {isa = PBXBuildFile; fileRef = 531AF6DA144D2478000DA4AA /* tinyxmlerror.cpp */; };
		531AF6E1144D2478000DA4AA /* tinyxmlparser.cpp in Sources */ = {isa = PBXBuildFile; fileRef = 531AF6DB144D2478000DA4AA /* tinyxmlparser.cpp */; };
		531AF6E2144D2478000DA4AA /* ofxXmlSettings.cpp in Sources */ = {isa = PBXBuildFile; fileRef = 531AF6DD144D2478000DA4AA /* ofxXmlSettings.cpp */; };
		BAF75BF5146331A90000417B /* ofxCvColorImage.cpp in Sources */ = {isa = PBXBuildFile; fileRef = BAF75BDE146331A90000417B /* ofxCvColorImage.cpp */; };
		BAF75BF6146331A90000417B /* ofxCvContourFinder.cpp in Sources */ = {isa = PBXBuildFile; fileRef = BAF75BE1146331A90000417B /* ofxCvContourFinder.cpp */; };
		BAF75BF7146331A90000417B /* ofxCvFloatImage.cpp in Sources */ = {isa = PBXBuildFile; fileRef = BAF75BE3146331A90000417B /* ofxCvFloatImage.cpp */; };
		BAF75BF8146331A90000417B /* ofxCvGrayscaleImage.cpp in Sources */ = {isa = PBXBuildFile; fileRef = BAF75BE5146331A90000417B /* ofxCvGrayscaleImage.cpp */; };
		BAF75BF9146331A90000417B /* ofxCvImage.cpp in Sources */ = {isa = PBXBuildFile; fileRef = BAF75BE7146331A90000417B /* ofxCvImage.cpp */; };
		BAF75BFA146331A90000417B /* ofxCvHaarFinder.cpp in Sources */ = {isa = PBXBuildFile; fileRef = BAF75BE9146331A90000417B /* ofxCvHaarFinder.cpp */; };
		BAF75BFB146331A90000417B /* ofxCvShortImage.cpp in Sources */ = {isa = PBXBuildFile; fileRef = BAF75BEC146331A90000417B /* ofxCvShortImage.cpp */; };
		BBAB23CB13894F3D00AA2426 /* GLUT.framework in CopyFiles */ = {isa = PBXBuildFile; fileRef = BBAB23BE13894E4700AA2426 /* GLUT.framework */; };
		E4328149138ABC9F0047C5CB /* openFrameworksDebug.a in Frameworks */ = {isa = PBXBuildFile; fileRef = E4328148138ABC890047C5CB /* openFrameworksDebug.a */; };
		E45BE97B0E8CC7DD009D7055 /* AGL.framework in Frameworks */ = {isa = PBXBuildFile; fileRef = E45BE9710E8CC7DD009D7055 /* AGL.framework */; };
		E45BE97C0E8CC7DD009D7055 /* ApplicationServices.framework in Frameworks */ = {isa = PBXBuildFile; fileRef = E45BE9720E8CC7DD009D7055 /* ApplicationServices.framework */; };
		E45BE97D0E8CC7DD009D7055 /* AudioToolbox.framework in Frameworks */ = {isa = PBXBuildFile; fileRef = E45BE9730E8CC7DD009D7055 /* AudioToolbox.framework */; };
		E45BE97E0E8CC7DD009D7055 /* Carbon.framework in Frameworks */ = {isa = PBXBuildFile; fileRef = E45BE9740E8CC7DD009D7055 /* Carbon.framework */; };
		E45BE97F0E8CC7DD009D7055 /* CoreAudio.framework in Frameworks */ = {isa = PBXBuildFile; fileRef = E45BE9750E8CC7DD009D7055 /* CoreAudio.framework */; };
		E45BE9800E8CC7DD009D7055 /* CoreFoundation.framework in Frameworks */ = {isa = PBXBuildFile; fileRef = E45BE9760E8CC7DD009D7055 /* CoreFoundation.framework */; };
		E45BE9810E8CC7DD009D7055 /* CoreServices.framework in Frameworks */ = {isa = PBXBuildFile; fileRef = E45BE9770E8CC7DD009D7055 /* CoreServices.framework */; };
		E45BE9830E8CC7DD009D7055 /* OpenGL.framework in Frameworks */ = {isa = PBXBuildFile; fileRef = E45BE9790E8CC7DD009D7055 /* OpenGL.framework */; };
		E45BE9840E8CC7DD009D7055 /* QuickTime.framework in Frameworks */ = {isa = PBXBuildFile; fileRef = E45BE97A0E8CC7DD009D7055 /* QuickTime.framework */; };
		E4B69E200A3A1BDC003C02F2 /* main.cpp in Sources */ = {isa = PBXBuildFile; fileRef = E4B69E1D0A3A1BDC003C02F2 /* main.cpp */; };
		E4B69E210A3A1BDC003C02F2 /* testApp.cpp in Sources */ = {isa = PBXBuildFile; fileRef = E4B69E1E0A3A1BDC003C02F2 /* testApp.cpp */; };
		E4C2424710CC5A17004149E2 /* AppKit.framework in Frameworks */ = {isa = PBXBuildFile; fileRef = E4C2424410CC5A17004149E2 /* AppKit.framework */; };
		E4C2424810CC5A17004149E2 /* Cocoa.framework in Frameworks */ = {isa = PBXBuildFile; fileRef = E4C2424510CC5A17004149E2 /* Cocoa.framework */; };
		E4C2424910CC5A17004149E2 /* IOKit.framework in Frameworks */ = {isa = PBXBuildFile; fileRef = E4C2424610CC5A17004149E2 /* IOKit.framework */; };
		E4EB6799138ADC1D00A09F29 /* GLUT.framework in Frameworks */ = {isa = PBXBuildFile; fileRef = BBAB23BE13894E4700AA2426 /* GLUT.framework */; };
/* End PBXBuildFile section */

/* Begin PBXContainerItemProxy section */
		460A394914E2DC4F004A3450 /* PBXContainerItemProxy */ = {
			isa = PBXContainerItemProxy;
			containerPortal = 460A38D414E2DC4E004A3450 /* ofxControlPanelDemo.xcodeproj */;
			proxyType = 2;
			remoteGlobalIDString = A1A2F1F9111F57F9000703E4;
			remoteInfo = ofxControlPanelDemo;
		};
		E4328147138ABC890047C5CB /* PBXContainerItemProxy */ = {
			isa = PBXContainerItemProxy;
			containerPortal = E4328143138ABC890047C5CB /* openFrameworksLib.xcodeproj */;
			proxyType = 2;
			remoteGlobalIDString = E4B27C1510CBEB8E00536013;
			remoteInfo = openFrameworks;
		};
		E4EEB9AB138B136A00A80321 /* PBXContainerItemProxy */ = {
			isa = PBXContainerItemProxy;
			containerPortal = E4328143138ABC890047C5CB /* openFrameworksLib.xcodeproj */;
			proxyType = 1;
			remoteGlobalIDString = E4B27C1410CBEB8E00536013;
			remoteInfo = openFrameworks;
		};
/* End PBXContainerItemProxy section */

/* Begin PBXCopyFilesBuildPhase section */
		E4C2427710CC5ABF004149E2 /* CopyFiles */ = {
			isa = PBXCopyFilesBuildPhase;
			buildActionMask = 2147483647;
			dstPath = "";
			dstSubfolderSpec = 10;
			files = (
				BBAB23CB13894F3D00AA2426 /* GLUT.framework in CopyFiles */,
			);
			runOnlyForDeploymentPostprocessing = 0;
		};
/* End PBXCopyFilesBuildPhase section */

/* Begin PBXFileReference section */
		460A38B514E2DC4E004A3450 /* .gitignore */ = {isa = PBXFileReference; fileEncoding = 4; lastKnownFileType = text; path = .gitignore; sourceTree = "<group>"; };
		460A38B714E2DC4E004A3450 /* .gitignore */ = {isa = PBXFileReference; fileEncoding = 4; lastKnownFileType = text; path = .gitignore; sourceTree = "<group>"; };
		460A38B914E2DC4E004A3450 /* controlPanelSettings.xml */ = {isa = PBXFileReference; fileEncoding = 4; lastKnownFileType = text.xml; path = controlPanelSettings.xml; sourceTree = "<group>"; };
		460A38BC14E2DC4E004A3450 /* DSC09302.jpg */ = {isa = PBXFileReference; lastKnownFileType = image.jpeg; path = DSC09302.jpg; sourceTree = "<group>"; };
		460A38BD14E2DC4E004A3450 /* DSC09305.jpg */ = {isa = PBXFileReference; lastKnownFileType = image.jpeg; path = DSC09305.jpg; sourceTree = "<group>"; };
		460A38BE14E2DC4E004A3450 /* DSC09307.jpg */ = {isa = PBXFileReference; lastKnownFileType = image.jpeg; path = DSC09307.jpg; sourceTree = "<group>"; };
		460A38BF14E2DC4E004A3450 /* DSC09310.jpg */ = {isa = PBXFileReference; lastKnownFileType = image.jpeg; path = DSC09310.jpg; sourceTree = "<group>"; };
		460A38C014E2DC4E004A3450 /* DSC09311.jpg */ = {isa = PBXFileReference; lastKnownFileType = image.jpeg; path = DSC09311.jpg; sourceTree = "<group>"; };
		460A38C114E2DC4E004A3450 /* DSC09315.jpg */ = {isa = PBXFileReference; lastKnownFileType = image.jpeg; path = DSC09315.jpg; sourceTree = "<group>"; };
		460A38C214E2DC4E004A3450 /* DSC09316.jpg */ = {isa = PBXFileReference; lastKnownFileType = image.jpeg; path = DSC09316.jpg; sourceTree = "<group>"; };
		460A38C314E2DC4E004A3450 /* DSC09318.jpg */ = {isa = PBXFileReference; lastKnownFileType = image.jpeg; path = DSC09318.jpg; sourceTree = "<group>"; };
		460A38C414E2DC4E004A3450 /* DSC09320.jpg */ = {isa = PBXFileReference; lastKnownFileType = image.jpeg; path = DSC09320.jpg; sourceTree = "<group>"; };
		460A38C514E2DC4E004A3450 /* DSC09322.jpg */ = {isa = PBXFileReference; lastKnownFileType = image.jpeg; path = DSC09322.jpg; sourceTree = "<group>"; };
		460A38C614E2DC4E004A3450 /* DSC09324.jpg */ = {isa = PBXFileReference; lastKnownFileType = image.jpeg; path = DSC09324.jpg; sourceTree = "<group>"; };
		460A38C714E2DC4E004A3450 /* DSC09326.jpg */ = {isa = PBXFileReference; lastKnownFileType = image.jpeg; path = DSC09326.jpg; sourceTree = "<group>"; };
		460A38C814E2DC4E004A3450 /* DSC09327.jpg */ = {isa = PBXFileReference; lastKnownFileType = image.jpeg; path = DSC09327.jpg; sourceTree = "<group>"; };
		460A38C914E2DC4E004A3450 /* DSC09329.jpg */ = {isa = PBXFileReference; lastKnownFileType = image.jpeg; path = DSC09329.jpg; sourceTree = "<group>"; };
		460A38CA14E2DC4E004A3450 /* DSC09330.jpg */ = {isa = PBXFileReference; lastKnownFileType = image.jpeg; path = DSC09330.jpg; sourceTree = "<group>"; };
		460A38CB14E2DC4E004A3450 /* DSC09334.jpg */ = {isa = PBXFileReference; lastKnownFileType = image.jpeg; path = DSC09334.jpg; sourceTree = "<group>"; };
		460A38CC14E2DC4E004A3450 /* DSC09336.jpg */ = {isa = PBXFileReference; lastKnownFileType = image.jpeg; path = DSC09336.jpg; sourceTree = "<group>"; };
		460A38CD14E2DC4E004A3450 /* DSC09337.jpg */ = {isa = PBXFileReference; lastKnownFileType = image.jpeg; path = DSC09337.jpg; sourceTree = "<group>"; };
		460A38CE14E2DC4E004A3450 /* DSC09341.jpg */ = {isa = PBXFileReference; lastKnownFileType = image.jpeg; path = DSC09341.jpg; sourceTree = "<group>"; };
		460A38CF14E2DC4E004A3450 /* DSC09343.jpg */ = {isa = PBXFileReference; lastKnownFileType = image.jpeg; path = DSC09343.jpg; sourceTree = "<group>"; };
		460A38D014E2DC4E004A3450 /* DSC09344.jpg */ = {isa = PBXFileReference; lastKnownFileType = image.jpeg; path = DSC09344.jpg; sourceTree = "<group>"; };
		460A38D114E2DC4E004A3450 /* DSC09347.jpg */ = {isa = PBXFileReference; lastKnownFileType = image.jpeg; path = DSC09347.jpg; sourceTree = "<group>"; };
		460A38D214E2DC4E004A3450 /* MONACO.TTF */ = {isa = PBXFileReference; lastKnownFileType = file; path = MONACO.TTF; sourceTree = "<group>"; };
		460A38D314E2DC4E004A3450 /* currentScreen.png */ = {isa = PBXFileReference; lastKnownFileType = image.png; path = currentScreen.png; sourceTree = "<group>"; };
		460A38D414E2DC4E004A3450 /* ofxControlPanelDemo.xcodeproj */ = {isa = PBXFileReference; lastKnownFileType = "wrapper.pb-project"; path = ofxControlPanelDemo.xcodeproj; sourceTree = "<group>"; };
		460A38D714E2DC4E004A3450 /* openFrameworks-Info.plist */ = {isa = PBXFileReference; fileEncoding = 4; lastKnownFileType = text.plist.xml; path = "openFrameworks-Info.plist"; sourceTree = "<group>"; };
		460A38D914E2DC4E004A3450 /* backgroundSubtractionExample.cpp */ = {isa = PBXFileReference; fileEncoding = 4; lastKnownFileType = sourcecode.cpp.cpp; path = backgroundSubtractionExample.cpp; sourceTree = "<group>"; };
		460A38DA14E2DC4E004A3450 /* backgroundSubtractionExample.h */ = {isa = PBXFileReference; fileEncoding = 4; lastKnownFileType = sourcecode.c.h; path = backgroundSubtractionExample.h; sourceTree = "<group>"; };
		460A38DB14E2DC4E004A3450 /* customDrawer.cpp */ = {isa = PBXFileReference; fileEncoding = 4; lastKnownFileType = sourcecode.cpp.cpp; path = customDrawer.cpp; sourceTree = "<group>"; };
		460A38DC14E2DC4E004A3450 /* customDrawer.h */ = {isa = PBXFileReference; fileEncoding = 4; lastKnownFileType = sourcecode.c.h; path = customDrawer.h; sourceTree = "<group>"; };
		460A38DD14E2DC4E004A3450 /* main.cpp */ = {isa = PBXFileReference; fileEncoding = 4; lastKnownFileType = sourcecode.cpp.cpp; path = main.cpp; sourceTree = "<group>"; };
		460A38DE14E2DC4E004A3450 /* ofAddons.h */ = {isa = PBXFileReference; fileEncoding = 4; lastKnownFileType = sourcecode.c.h; path = ofAddons.h; sourceTree = "<group>"; };
		460A38E114E2DC4E004A3450 /* guiBaseObject.cpp */ = {isa = PBXFileReference; fileEncoding = 4; lastKnownFileType = sourcecode.cpp.cpp; path = guiBaseObject.cpp; sourceTree = "<group>"; };
		460A38E214E2DC4E004A3450 /* guiBaseObject.h */ = {isa = PBXFileReference; fileEncoding = 4; lastKnownFileType = sourcecode.c.h; path = guiBaseObject.h; sourceTree = "<group>"; };
		460A38E314E2DC4E004A3450 /* guiCallback.cpp */ = {isa = PBXFileReference; fileEncoding = 4; lastKnownFileType = sourcecode.cpp.cpp; path = guiCallback.cpp; sourceTree = "<group>"; };
		460A38E414E2DC4E004A3450 /* guiCallback.h */ = {isa = PBXFileReference; fileEncoding = 4; lastKnownFileType = sourcecode.c.h; path = guiCallback.h; sourceTree = "<group>"; };
		460A38E514E2DC4E004A3450 /* guiCallbackValue.cpp */ = {isa = PBXFileReference; fileEncoding = 4; lastKnownFileType = sourcecode.cpp.cpp; path = guiCallbackValue.cpp; sourceTree = "<group>"; };
		460A38E614E2DC4E004A3450 /* guiCallbackValue.h */ = {isa = PBXFileReference; fileEncoding = 4; lastKnownFileType = sourcecode.c.h; path = guiCallbackValue.h; sourceTree = "<group>"; };
		460A38E714E2DC4E004A3450 /* guiColor.cpp */ = {isa = PBXFileReference; fileEncoding = 4; lastKnownFileType = sourcecode.cpp.cpp; path = guiColor.cpp; sourceTree = "<group>"; };
		460A38E814E2DC4E004A3450 /* guiColor.h */ = {isa = PBXFileReference; fileEncoding = 4; lastKnownFileType = sourcecode.c.h; path = guiColor.h; sourceTree = "<group>"; };
		460A38E914E2DC4E004A3450 /* guiCustomImpl.h */ = {isa = PBXFileReference; fileEncoding = 4; lastKnownFileType = sourcecode.c.h; path = guiCustomImpl.h; sourceTree = "<group>"; };
		460A38EA14E2DC4E004A3450 /* guiIncludes.h */ = {isa = PBXFileReference; fileEncoding = 4; lastKnownFileType = sourcecode.c.h; path = guiIncludes.h; sourceTree = "<group>"; };
		460A38EB14E2DC4E004A3450 /* guiTextBase.cpp */ = {isa = PBXFileReference; fileEncoding = 4; lastKnownFileType = sourcecode.cpp.cpp; path = guiTextBase.cpp; sourceTree = "<group>"; };
		460A38EC14E2DC4E004A3450 /* guiTextBase.h */ = {isa = PBXFileReference; fileEncoding = 4; lastKnownFileType = sourcecode.c.h; path = guiTextBase.h; sourceTree = "<group>"; };
		460A38ED14E2DC4E004A3450 /* guiType2DSlider.cpp */ = {isa = PBXFileReference; fileEncoding = 4; lastKnownFileType = sourcecode.cpp.cpp; path = guiType2DSlider.cpp; sourceTree = "<group>"; };
		460A38EE14E2DC4E004A3450 /* guiType2DSlider.h */ = {isa = PBXFileReference; fileEncoding = 4; lastKnownFileType = sourcecode.c.h; path = guiType2DSlider.h; sourceTree = "<group>"; };
		460A38EF14E2DC4E004A3450 /* guiTypeButtonSlider.cpp */ = {isa = PBXFileReference; fileEncoding = 4; lastKnownFileType = sourcecode.cpp.cpp; path = guiTypeButtonSlider.cpp; sourceTree = "<group>"; };
		460A38F014E2DC4E004A3450 /* guiTypeButtonSlider.h */ = {isa = PBXFileReference; fileEncoding = 4; lastKnownFileType = sourcecode.c.h; path = guiTypeButtonSlider.h; sourceTree = "<group>"; };
		460A38F114E2DC4E004A3450 /* guiTypeChartPlotter.cpp */ = {isa = PBXFileReference; fileEncoding = 4; lastKnownFileType = sourcecode.cpp.cpp; path = guiTypeChartPlotter.cpp; sourceTree = "<group>"; };
		460A38F214E2DC4E004A3450 /* guiTypeChartPlotter.h */ = {isa = PBXFileReference; fileEncoding = 4; lastKnownFileType = sourcecode.c.h; path = guiTypeChartPlotter.h; sourceTree = "<group>"; };
		460A38F314E2DC4E004A3450 /* guiTypeCustom.cpp */ = {isa = PBXFileReference; fileEncoding = 4; lastKnownFileType = sourcecode.cpp.cpp; path = guiTypeCustom.cpp; sourceTree = "<group>"; };
		460A38F414E2DC4E004A3450 /* guiTypeCustom.h */ = {isa = PBXFileReference; fileEncoding = 4; lastKnownFileType = sourcecode.c.h; path = guiTypeCustom.h; sourceTree = "<group>"; };
		460A38F514E2DC4E004A3450 /* guiTypeDrawable.cpp */ = {isa = PBXFileReference; fileEncoding = 4; lastKnownFileType = sourcecode.cpp.cpp; path = guiTypeDrawable.cpp; sourceTree = "<group>"; };
		460A38F614E2DC4E004A3450 /* guiTypeDrawable.h */ = {isa = PBXFileReference; fileEncoding = 4; lastKnownFileType = sourcecode.c.h; path = guiTypeDrawable.h; sourceTree = "<group>"; };
		460A38F714E2DC4E004A3450 /* guiTypeFileLister.cpp */ = {isa = PBXFileReference; fileEncoding = 4; lastKnownFileType = sourcecode.cpp.cpp; path = guiTypeFileLister.cpp; sourceTree = "<group>"; };
		460A38F814E2DC4E004A3450 /* guiTypeFileLister.h */ = {isa = PBXFileReference; fileEncoding = 4; lastKnownFileType = sourcecode.c.h; path = guiTypeFileLister.h; sourceTree = "<group>"; };
		460A38F914E2DC4E004A3450 /* guiTypeLabel.cpp */ = {isa = PBXFileReference; fileEncoding = 4; lastKnownFileType = sourcecode.cpp.cpp; path = guiTypeLabel.cpp; sourceTree = "<group>"; };
		460A38FA14E2DC4E004A3450 /* guiTypeLabel.h */ = {isa = PBXFileReference; fileEncoding = 4; lastKnownFileType = sourcecode.c.h; path = guiTypeLabel.h; sourceTree = "<group>"; };
		460A38FB14E2DC4E004A3450 /* guiTypeLogger.cpp */ = {isa = PBXFileReference; fileEncoding = 4; lastKnownFileType = sourcecode.cpp.cpp; path = guiTypeLogger.cpp; sourceTree = "<group>"; };
		460A38FC14E2DC4E004A3450 /* guiTypeLogger.h */ = {isa = PBXFileReference; fileEncoding = 4; lastKnownFileType = sourcecode.c.h; path = guiTypeLogger.h; sourceTree = "<group>"; };
		460A38FD14E2DC4E004A3450 /* guiTypeMultiToggle.cpp */ = {isa = PBXFileReference; fileEncoding = 4; lastKnownFileType = sourcecode.cpp.cpp; path = guiTypeMultiToggle.cpp; sourceTree = "<group>"; };
		460A38FE14E2DC4E004A3450 /* guiTypeMultiToggle.h */ = {isa = PBXFileReference; fileEncoding = 4; lastKnownFileType = sourcecode.c.h; path = guiTypeMultiToggle.h; sourceTree = "<group>"; };
		460A38FF14E2DC4E004A3450 /* guiTypePanel.cpp */ = {isa = PBXFileReference; fileEncoding = 4; lastKnownFileType = sourcecode.cpp.cpp; path = guiTypePanel.cpp; sourceTree = "<group>"; };
		460A390014E2DC4E004A3450 /* guiTypePanel.h */ = {isa = PBXFileReference; fileEncoding = 4; lastKnownFileType = sourcecode.c.h; path = guiTypePanel.h; sourceTree = "<group>"; };
		460A390114E2DC4E004A3450 /* guiTypeSlider.cpp */ = {isa = PBXFileReference; fileEncoding = 4; lastKnownFileType = sourcecode.cpp.cpp; path = guiTypeSlider.cpp; sourceTree = "<group>"; };
		460A390214E2DC4E004A3450 /* guiTypeSlider.h */ = {isa = PBXFileReference; fileEncoding = 4; lastKnownFileType = sourcecode.c.h; path = guiTypeSlider.h; sourceTree = "<group>"; };
		460A390314E2DC4E004A3450 /* guiTypeText.cpp */ = {isa = PBXFileReference; fileEncoding = 4; lastKnownFileType = sourcecode.cpp.cpp; path = guiTypeText.cpp; sourceTree = "<group>"; };
		460A390414E2DC4E004A3450 /* guiTypeText.h */ = {isa = PBXFileReference; fileEncoding = 4; lastKnownFileType = sourcecode.c.h; path = guiTypeText.h; sourceTree = "<group>"; };
		460A390514E2DC4E004A3450 /* guiTypeTextDropDown.cpp */ = {isa = PBXFileReference; fileEncoding = 4; lastKnownFileType = sourcecode.cpp.cpp; path = guiTypeTextDropDown.cpp; sourceTree = "<group>"; };
		460A390614E2DC4E004A3450 /* guiTypeTextDropDown.h */ = {isa = PBXFileReference; fileEncoding = 4; lastKnownFileType = sourcecode.c.h; path = guiTypeTextDropDown.h; sourceTree = "<group>"; };
		460A390714E2DC4E004A3450 /* guiTypeTextInput.cpp */ = {isa = PBXFileReference; fileEncoding = 4; lastKnownFileType = sourcecode.cpp.cpp; path = guiTypeTextInput.cpp; sourceTree = "<group>"; };
		460A390814E2DC4E004A3450 /* guiTypeTextInput.h */ = {isa = PBXFileReference; fileEncoding = 4; lastKnownFileType = sourcecode.c.h; path = guiTypeTextInput.h; sourceTree = "<group>"; };
		460A390914E2DC4E004A3450 /* guiTypeToggle.cpp */ = {isa = PBXFileReference; fileEncoding = 4; lastKnownFileType = sourcecode.cpp.cpp; path = guiTypeToggle.cpp; sourceTree = "<group>"; };
		460A390A14E2DC4E004A3450 /* guiTypeToggle.h */ = {isa = PBXFileReference; fileEncoding = 4; lastKnownFileType = sourcecode.c.h; path = guiTypeToggle.h; sourceTree = "<group>"; };
		460A390B14E2DC4E004A3450 /* guiTypeVairableLister.cpp */ = {isa = PBXFileReference; fileEncoding = 4; lastKnownFileType = sourcecode.cpp.cpp; path = guiTypeVairableLister.cpp; sourceTree = "<group>"; };
		460A390C14E2DC4E004A3450 /* guiTypeVairableLister.h */ = {isa = PBXFileReference; fileEncoding = 4; lastKnownFileType = sourcecode.c.h; path = guiTypeVairableLister.h; sourceTree = "<group>"; };
		460A390D14E2DC4E004A3450 /* guiTypeVideo.cpp */ = {isa = PBXFileReference; fileEncoding = 4; lastKnownFileType = sourcecode.cpp.cpp; path = guiTypeVideo.cpp; sourceTree = "<group>"; };
		460A390E14E2DC4E004A3450 /* guiTypeVideo.h */ = {isa = PBXFileReference; fileEncoding = 4; lastKnownFileType = sourcecode.c.h; path = guiTypeVideo.h; sourceTree = "<group>"; };
		460A390F14E2DC4E004A3450 /* guiValue.cpp */ = {isa = PBXFileReference; fileEncoding = 4; lastKnownFileType = sourcecode.cpp.cpp; path = guiValue.cpp; sourceTree = "<group>"; };
		460A391014E2DC4E004A3450 /* guiValue.h */ = {isa = PBXFileReference; fileEncoding = 4; lastKnownFileType = sourcecode.c.h; path = guiValue.h; sourceTree = "<group>"; };
		460A391114E2DC4E004A3450 /* guiVariablePointer.h */ = {isa = PBXFileReference; fileEncoding = 4; lastKnownFileType = sourcecode.c.h; path = guiVariablePointer.h; sourceTree = "<group>"; };
		460A391214E2DC4E004A3450 /* guiXmlValue.h */ = {isa = PBXFileReference; fileEncoding = 4; lastKnownFileType = sourcecode.c.h; path = guiXmlValue.h; sourceTree = "<group>"; };
		460A391314E2DC4E004A3450 /* ofxControlPanel.cpp */ = {isa = PBXFileReference; fileEncoding = 4; lastKnownFileType = sourcecode.cpp.cpp; path = ofxControlPanel.cpp; sourceTree = "<group>"; };
		460A391414E2DC4E004A3450 /* ofxControlPanel.h */ = {isa = PBXFileReference; fileEncoding = 4; lastKnownFileType = sourcecode.c.h; path = ofxControlPanel.h; sourceTree = "<group>"; };
		460A391514E2DC4E004A3450 /* simpleColor.cpp */ = {isa = PBXFileReference; fileEncoding = 4; lastKnownFileType = sourcecode.cpp.cpp; path = simpleColor.cpp; sourceTree = "<group>"; };
		460A391614E2DC4E004A3450 /* simpleColor.h */ = {isa = PBXFileReference; fileEncoding = 4; lastKnownFileType = sourcecode.c.h; path = simpleColor.h; sourceTree = "<group>"; };
		460A391714E2DC4E004A3450 /* simpleFileLister.cpp */ = {isa = PBXFileReference; fileEncoding = 4; lastKnownFileType = sourcecode.cpp.cpp; path = simpleFileLister.cpp; sourceTree = "<group>"; };
		460A391814E2DC4E004A3450 /* simpleFileLister.h */ = {isa = PBXFileReference; fileEncoding = 4; lastKnownFileType = sourcecode.c.h; path = simpleFileLister.h; sourceTree = "<group>"; };
		460A391914E2DC4E004A3450 /* simpleLogger.cpp */ = {isa = PBXFileReference; fileEncoding = 4; lastKnownFileType = sourcecode.cpp.cpp; path = simpleLogger.cpp; sourceTree = "<group>"; };
		460A391A14E2DC4E004A3450 /* simpleLogger.h */ = {isa = PBXFileReference; fileEncoding = 4; lastKnownFileType = sourcecode.c.h; path = simpleLogger.h; sourceTree = "<group>"; };
		460A391B14E2DC4E004A3450 /* testApp.cpp */ = {isa = PBXFileReference; fileEncoding = 4; lastKnownFileType = sourcecode.cpp.cpp; path = testApp.cpp; sourceTree = "<group>"; };
		460A391C14E2DC4E004A3450 /* testApp.h */ = {isa = PBXFileReference; fileEncoding = 4; lastKnownFileType = sourcecode.c.h; path = testApp.h; sourceTree = "<group>"; };
		460A391E14E2DC4E004A3450 /* vectorField.cpp */ = {isa = PBXFileReference; fileEncoding = 4; lastKnownFileType = sourcecode.cpp.cpp; path = vectorField.cpp; sourceTree = "<group>"; };
		460A391F14E2DC4E004A3450 /* vectorField.h */ = {isa = PBXFileReference; fileEncoding = 4; lastKnownFileType = sourcecode.c.h; path = vectorField.h; sourceTree = "<group>"; };
		460A392014E2DC4E004A3450 /* videoMotionExample.cpp */ = {isa = PBXFileReference; fileEncoding = 4; lastKnownFileType = sourcecode.cpp.cpp; path = videoMotionExample.cpp; sourceTree = "<group>"; };
		460A392114E2DC4E004A3450 /* videoMotionExample.h */ = {isa = PBXFileReference; fileEncoding = 4; lastKnownFileType = sourcecode.c.h; path = videoMotionExample.h; sourceTree = "<group>"; };
		531AF6BE144D2433000DA4AA /* guiBaseObject.h */ = {isa = PBXFileReference; fileEncoding = 4; lastKnownFileType = sourcecode.c.h; path = guiBaseObject.h; sourceTree = "<group>"; };
		531AF6BF144D2433000DA4AA /* guiColor.h */ = {isa = PBXFileReference; fileEncoding = 4; lastKnownFileType = sourcecode.c.h; path = guiColor.h; sourceTree = "<group>"; };
		531AF6C0144D2433000DA4AA /* guiCustomImpl.h */ = {isa = PBXFileReference; fileEncoding = 4; lastKnownFileType = sourcecode.c.h; path = guiCustomImpl.h; sourceTree = "<group>"; };
		531AF6C1144D2433000DA4AA /* guiIncludes.h */ = {isa = PBXFileReference; fileEncoding = 4; lastKnownFileType = sourcecode.c.h; path = guiIncludes.h; sourceTree = "<group>"; };
		531AF6C2144D2433000DA4AA /* guiTextBase.h */ = {isa = PBXFileReference; fileEncoding = 4; lastKnownFileType = sourcecode.c.h; path = guiTextBase.h; sourceTree = "<group>"; };
		531AF6C3144D2433000DA4AA /* guiType2DSlider.h */ = {isa = PBXFileReference; fileEncoding = 4; lastKnownFileType = sourcecode.c.h; path = guiType2DSlider.h; sourceTree = "<group>"; };
		531AF6C4144D2433000DA4AA /* guiTypeCustom.h */ = {isa = PBXFileReference; fileEncoding = 4; lastKnownFileType = sourcecode.c.h; path = guiTypeCustom.h; sourceTree = "<group>"; };
		531AF6C5144D2433000DA4AA /* guiTypeDrawable.h */ = {isa = PBXFileReference; fileEncoding = 4; lastKnownFileType = sourcecode.c.h; path = guiTypeDrawable.h; sourceTree = "<group>"; };
		531AF6C6144D2433000DA4AA /* guiTypeFileLister.h */ = {isa = PBXFileReference; fileEncoding = 4; lastKnownFileType = sourcecode.c.h; path = guiTypeFileLister.h; sourceTree = "<group>"; };
		531AF6C7144D2433000DA4AA /* guiTypeLogger.h */ = {isa = PBXFileReference; fileEncoding = 4; lastKnownFileType = sourcecode.c.h; path = guiTypeLogger.h; sourceTree = "<group>"; };
		531AF6C8144D2433000DA4AA /* guiTypeMultiToggle.h */ = {isa = PBXFileReference; fileEncoding = 4; lastKnownFileType = sourcecode.c.h; path = guiTypeMultiToggle.h; sourceTree = "<group>"; };
		531AF6C9144D2434000DA4AA /* guiTypePanel.h */ = {isa = PBXFileReference; fileEncoding = 4; lastKnownFileType = sourcecode.c.h; path = guiTypePanel.h; sourceTree = "<group>"; };
		531AF6CA144D2434000DA4AA /* guiTypeSlider.h */ = {isa = PBXFileReference; fileEncoding = 4; lastKnownFileType = sourcecode.c.h; path = guiTypeSlider.h; sourceTree = "<group>"; };
		531AF6CB144D2434000DA4AA /* guiTypeText.h */ = {isa = PBXFileReference; fileEncoding = 4; lastKnownFileType = sourcecode.c.h; path = guiTypeText.h; sourceTree = "<group>"; };
		531AF6CC144D2434000DA4AA /* guiTypeToggle.h */ = {isa = PBXFileReference; fileEncoding = 4; lastKnownFileType = sourcecode.c.h; path = guiTypeToggle.h; sourceTree = "<group>"; };
		531AF6CD144D2434000DA4AA /* guiValue.h */ = {isa = PBXFileReference; fileEncoding = 4; lastKnownFileType = sourcecode.c.h; path = guiValue.h; sourceTree = "<group>"; };
		531AF6CE144D2434000DA4AA /* guiXmlValue.h */ = {isa = PBXFileReference; fileEncoding = 4; lastKnownFileType = sourcecode.c.h; path = guiXmlValue.h; sourceTree = "<group>"; };
		531AF6CF144D2434000DA4AA /* ofxControlPanel.cpp */ = {isa = PBXFileReference; fileEncoding = 4; lastKnownFileType = sourcecode.cpp.cpp; path = ofxControlPanel.cpp; sourceTree = "<group>"; };
		531AF6D0144D2434000DA4AA /* ofxControlPanel.h */ = {isa = PBXFileReference; fileEncoding = 4; lastKnownFileType = sourcecode.c.h; path = ofxControlPanel.h; sourceTree = "<group>"; };
		531AF6D1144D2434000DA4AA /* simpleColor.h */ = {isa = PBXFileReference; fileEncoding = 4; lastKnownFileType = sourcecode.c.h; path = simpleColor.h; sourceTree = "<group>"; };
		531AF6D2144D2434000DA4AA /* simpleFileLister.h */ = {isa = PBXFileReference; fileEncoding = 4; lastKnownFileType = sourcecode.c.h; path = simpleFileLister.h; sourceTree = "<group>"; };
		531AF6D3144D2434000DA4AA /* simpleLogger.h */ = {isa = PBXFileReference; fileEncoding = 4; lastKnownFileType = sourcecode.c.h; path = simpleLogger.h; sourceTree = "<group>"; };
		531AF6D6144D2478000DA4AA /* install.xml */ = {isa = PBXFileReference; fileEncoding = 4; lastKnownFileType = text.xml; path = install.xml; sourceTree = "<group>"; };
		531AF6D8144D2478000DA4AA /* tinyxml.cpp */ = {isa = PBXFileReference; fileEncoding = 4; lastKnownFileType = sourcecode.cpp.cpp; path = tinyxml.cpp; sourceTree = "<group>"; };
		531AF6D9144D2478000DA4AA /* tinyxml.h */ = {isa = PBXFileReference; fileEncoding = 4; lastKnownFileType = sourcecode.c.h; path = tinyxml.h; sourceTree = "<group>"; };
		531AF6DA144D2478000DA4AA /* tinyxmlerror.cpp */ = {isa = PBXFileReference; fileEncoding = 4; lastKnownFileType = sourcecode.cpp.cpp; path = tinyxmlerror.cpp; sourceTree = "<group>"; };
		531AF6DB144D2478000DA4AA /* tinyxmlparser.cpp */ = {isa = PBXFileReference; fileEncoding = 4; lastKnownFileType = sourcecode.cpp.cpp; path = tinyxmlparser.cpp; sourceTree = "<group>"; };
		531AF6DD144D2478000DA4AA /* ofxXmlSettings.cpp */ = {isa = PBXFileReference; fileEncoding = 4; lastKnownFileType = sourcecode.cpp.cpp; path = ofxXmlSettings.cpp; sourceTree = "<group>"; };
		531AF6DE144D2478000DA4AA /* ofxXmlSettings.h */ = {isa = PBXFileReference; fileEncoding = 4; lastKnownFileType = sourcecode.c.h; path = ofxXmlSettings.h; sourceTree = "<group>"; };
		531AF6E5144D2489000DA4AA /* Instructions.txt */ = {isa = PBXFileReference; fileEncoding = 4; lastKnownFileType = text; path = Instructions.txt; sourceTree = "<group>"; };
		531AF6E6144D2489000DA4AA /* install.xml */ = {isa = PBXFileReference; fileEncoding = 4; lastKnownFileType = text.xml; path = install.xml; sourceTree = "<group>"; };
		531AF6E8144D2489000DA4AA /* ofxDirList.h */ = {isa = PBXFileReference; fileEncoding = 4; lastKnownFileType = sourcecode.c.h; path = ofxDirList.h; sourceTree = "<group>"; };
		BAF75BDD146331A90000417B /* ofxCvBlob.h */ = {isa = PBXFileReference; fileEncoding = 4; lastKnownFileType = sourcecode.c.h; name = ofxCvBlob.h; path = ../../../addons/ofxOpenCv/src/ofxCvBlob.h; sourceTree = SOURCE_ROOT; };
		BAF75BDE146331A90000417B /* ofxCvColorImage.cpp */ = {isa = PBXFileReference; fileEncoding = 4; lastKnownFileType = sourcecode.cpp.cpp; name = ofxCvColorImage.cpp; path = ../../../addons/ofxOpenCv/src/ofxCvColorImage.cpp; sourceTree = SOURCE_ROOT; };
		BAF75BDF146331A90000417B /* ofxCvColorImage.h */ = {isa = PBXFileReference; fileEncoding = 4; lastKnownFileType = sourcecode.c.h; name = ofxCvColorImage.h; path = ../../../addons/ofxOpenCv/src/ofxCvColorImage.h; sourceTree = SOURCE_ROOT; };
		BAF75BE0146331A90000417B /* ofxCvConstants.h */ = {isa = PBXFileReference; fileEncoding = 4; lastKnownFileType = sourcecode.c.h; name = ofxCvConstants.h; path = ../../../addons/ofxOpenCv/src/ofxCvConstants.h; sourceTree = SOURCE_ROOT; };
		BAF75BE1146331A90000417B /* ofxCvContourFinder.cpp */ = {isa = PBXFileReference; fileEncoding = 4; lastKnownFileType = sourcecode.cpp.cpp; name = ofxCvContourFinder.cpp; path = ../../../addons/ofxOpenCv/src/ofxCvContourFinder.cpp; sourceTree = SOURCE_ROOT; };
		BAF75BE2146331A90000417B /* ofxCvContourFinder.h */ = {isa = PBXFileReference; fileEncoding = 4; lastKnownFileType = sourcecode.c.h; name = ofxCvContourFinder.h; path = ../../../addons/ofxOpenCv/src/ofxCvContourFinder.h; sourceTree = SOURCE_ROOT; };
		BAF75BE3146331A90000417B /* ofxCvFloatImage.cpp */ = {isa = PBXFileReference; fileEncoding = 4; lastKnownFileType = sourcecode.cpp.cpp; name = ofxCvFloatImage.cpp; path = ../../../addons/ofxOpenCv/src/ofxCvFloatImage.cpp; sourceTree = SOURCE_ROOT; };
		BAF75BE4146331A90000417B /* ofxCvFloatImage.h */ = {isa = PBXFileReference; fileEncoding = 4; lastKnownFileType = sourcecode.c.h; name = ofxCvFloatImage.h; path = ../../../addons/ofxOpenCv/src/ofxCvFloatImage.h; sourceTree = SOURCE_ROOT; };
		BAF75BE5146331A90000417B /* ofxCvGrayscaleImage.cpp */ = {isa = PBXFileReference; fileEncoding = 4; lastKnownFileType = sourcecode.cpp.cpp; name = ofxCvGrayscaleImage.cpp; path = ../../../addons/ofxOpenCv/src/ofxCvGrayscaleImage.cpp; sourceTree = SOURCE_ROOT; };
		BAF75BE6146331A90000417B /* ofxCvGrayscaleImage.h */ = {isa = PBXFileReference; fileEncoding = 4; lastKnownFileType = sourcecode.c.h; name = ofxCvGrayscaleImage.h; path = ../../../addons/ofxOpenCv/src/ofxCvGrayscaleImage.h; sourceTree = SOURCE_ROOT; };
		BAF75BE7146331A90000417B /* ofxCvImage.cpp */ = {isa = PBXFileReference; fileEncoding = 4; lastKnownFileType = sourcecode.cpp.cpp; name = ofxCvImage.cpp; path = ../../../addons/ofxOpenCv/src/ofxCvImage.cpp; sourceTree = SOURCE_ROOT; };
		BAF75BE8146331A90000417B /* ofxCvImage.h */ = {isa = PBXFileReference; fileEncoding = 4; lastKnownFileType = sourcecode.c.h; name = ofxCvImage.h; path = ../../../addons/ofxOpenCv/src/ofxCvImage.h; sourceTree = SOURCE_ROOT; };
		BAF75BE9146331A90000417B /* ofxCvHaarFinder.cpp */ = {isa = PBXFileReference; fileEncoding = 4; lastKnownFileType = sourcecode.cpp.cpp; name = ofxCvHaarFinder.cpp; path = ../../../addons/ofxOpenCv/src/ofxCvHaarFinder.cpp; sourceTree = SOURCE_ROOT; };
		BAF75BEA146331A90000417B /* ofxCvHaarFinder.h */ = {isa = PBXFileReference; fileEncoding = 4; lastKnownFileType = sourcecode.c.h; name = ofxCvHaarFinder.h; path = ../../../addons/ofxOpenCv/src/ofxCvHaarFinder.h; sourceTree = SOURCE_ROOT; };
		BAF75BEB146331A90000417B /* ofxCvMain.h */ = {isa = PBXFileReference; fileEncoding = 4; lastKnownFileType = sourcecode.c.h; name = ofxCvMain.h; path = ../../../addons/ofxOpenCv/src/ofxCvMain.h; sourceTree = SOURCE_ROOT; };
		BAF75BEC146331A90000417B /* ofxCvShortImage.cpp */ = {isa = PBXFileReference; fileEncoding = 4; lastKnownFileType = sourcecode.cpp.cpp; name = ofxCvShortImage.cpp; path = ../../../addons/ofxOpenCv/src/ofxCvShortImage.cpp; sourceTree = SOURCE_ROOT; };
		BAF75BED146331A90000417B /* ofxCvShortImage.h */ = {isa = PBXFileReference; fileEncoding = 4; lastKnownFileType = sourcecode.c.h; name = ofxCvShortImage.h; path = ../../../addons/ofxOpenCv/src/ofxCvShortImage.h; sourceTree = SOURCE_ROOT; };
		BAF75BEE146331A90000417B /* ofxOpenCv.h */ = {isa = PBXFileReference; fileEncoding = 4; lastKnownFileType = sourcecode.c.h; name = ofxOpenCv.h; path = ../../../addons/ofxOpenCv/src/ofxOpenCv.h; sourceTree = SOURCE_ROOT; };
		BBAB23BE13894E4700AA2426 /* GLUT.framework */ = {isa = PBXFileReference; lastKnownFileType = wrapper.framework; name = GLUT.framework; path = ../../../libs/glut/lib/osx/GLUT.framework; sourceTree = "<group>"; };
		E4328143138ABC890047C5CB /* openFrameworksLib.xcodeproj */ = {isa = PBXFileReference; lastKnownFileType = "wrapper.pb-project"; name = openFrameworksLib.xcodeproj; path = ../../../libs/openFrameworksCompiled/project/osx/openFrameworksLib.xcodeproj; sourceTree = SOURCE_ROOT; };
		E45BE9710E8CC7DD009D7055 /* AGL.framework */ = {isa = PBXFileReference; lastKnownFileType = wrapper.framework; name = AGL.framework; path = /System/Library/Frameworks/AGL.framework; sourceTree = "<absolute>"; };
		E45BE9720E8CC7DD009D7055 /* ApplicationServices.framework */ = {isa = PBXFileReference; lastKnownFileType = wrapper.framework; name = ApplicationServices.framework; path = /System/Library/Frameworks/ApplicationServices.framework; sourceTree = "<absolute>"; };
		E45BE9730E8CC7DD009D7055 /* AudioToolbox.framework */ = {isa = PBXFileReference; lastKnownFileType = wrapper.framework; name = AudioToolbox.framework; path = /System/Library/Frameworks/AudioToolbox.framework; sourceTree = "<absolute>"; };
		E45BE9740E8CC7DD009D7055 /* Carbon.framework */ = {isa = PBXFileReference; lastKnownFileType = wrapper.framework; name = Carbon.framework; path = /System/Library/Frameworks/Carbon.framework; sourceTree = "<absolute>"; };
		E45BE9750E8CC7DD009D7055 /* CoreAudio.framework */ = {isa = PBXFileReference; lastKnownFileType = wrapper.framework; name = CoreAudio.framework; path = /System/Library/Frameworks/CoreAudio.framework; sourceTree = "<absolute>"; };
		E45BE9760E8CC7DD009D7055 /* CoreFoundation.framework */ = {isa = PBXFileReference; lastKnownFileType = wrapper.framework; name = CoreFoundation.framework; path = /System/Library/Frameworks/CoreFoundation.framework; sourceTree = "<absolute>"; };
		E45BE9770E8CC7DD009D7055 /* CoreServices.framework */ = {isa = PBXFileReference; lastKnownFileType = wrapper.framework; name = CoreServices.framework; path = /System/Library/Frameworks/CoreServices.framework; sourceTree = "<absolute>"; };
		E45BE9790E8CC7DD009D7055 /* OpenGL.framework */ = {isa = PBXFileReference; lastKnownFileType = wrapper.framework; name = OpenGL.framework; path = /System/Library/Frameworks/OpenGL.framework; sourceTree = "<absolute>"; };
		E45BE97A0E8CC7DD009D7055 /* QuickTime.framework */ = {isa = PBXFileReference; lastKnownFileType = wrapper.framework; name = QuickTime.framework; path = /System/Library/Frameworks/QuickTime.framework; sourceTree = "<absolute>"; };
		E4B69B5B0A3A1756003C02F2 /* opencvExampleDebug.app */ = {isa = PBXFileReference; explicitFileType = wrapper.application; includeInIndex = 0; path = opencvExampleDebug.app; sourceTree = BUILT_PRODUCTS_DIR; };
		E4B69E1D0A3A1BDC003C02F2 /* main.cpp */ = {isa = PBXFileReference; fileEncoding = 30; lastKnownFileType = sourcecode.cpp.cpp; name = main.cpp; path = src/main.cpp; sourceTree = SOURCE_ROOT; };
		E4B69E1E0A3A1BDC003C02F2 /* testApp.cpp */ = {isa = PBXFileReference; explicitFileType = sourcecode.cpp.cpp; fileEncoding = 30; name = testApp.cpp; path = src/testApp.cpp; sourceTree = SOURCE_ROOT; };
		E4B69E1F0A3A1BDC003C02F2 /* testApp.h */ = {isa = PBXFileReference; fileEncoding = 30; lastKnownFileType = sourcecode.c.h; name = testApp.h; path = src/testApp.h; sourceTree = SOURCE_ROOT; };
		E4B6FCAD0C3E899E008CF71C /* openFrameworks-Info.plist */ = {isa = PBXFileReference; fileEncoding = 30; lastKnownFileType = text.plist.xml; path = "openFrameworks-Info.plist"; sourceTree = "<group>"; };
		E4C2424410CC5A17004149E2 /* AppKit.framework */ = {isa = PBXFileReference; lastKnownFileType = wrapper.framework; name = AppKit.framework; path = /System/Library/Frameworks/AppKit.framework; sourceTree = "<absolute>"; };
		E4C2424510CC5A17004149E2 /* Cocoa.framework */ = {isa = PBXFileReference; lastKnownFileType = wrapper.framework; name = Cocoa.framework; path = /System/Library/Frameworks/Cocoa.framework; sourceTree = "<absolute>"; };
		E4C2424610CC5A17004149E2 /* IOKit.framework */ = {isa = PBXFileReference; lastKnownFileType = wrapper.framework; name = IOKit.framework; path = /System/Library/Frameworks/IOKit.framework; sourceTree = "<absolute>"; };
		E4EB691F138AFCF100A09F29 /* CoreOF.xcconfig */ = {isa = PBXFileReference; fileEncoding = 4; lastKnownFileType = text.xcconfig; name = CoreOF.xcconfig; path = ../../../libs/openFrameworksCompiled/project/osx/CoreOF.xcconfig; sourceTree = SOURCE_ROOT; };
		E4EB6923138AFD0F00A09F29 /* Project.xcconfig */ = {isa = PBXFileReference; fileEncoding = 4; lastKnownFileType = text.xcconfig; path = Project.xcconfig; sourceTree = "<group>"; };
/* End PBXFileReference section */

/* Begin PBXFrameworksBuildPhase section */
		E4B69B590A3A1756003C02F2 /* Frameworks */ = {
			isa = PBXFrameworksBuildPhase;
			buildActionMask = 2147483647;
			files = (
				E4EB6799138ADC1D00A09F29 /* GLUT.framework in Frameworks */,
				E4328149138ABC9F0047C5CB /* openFrameworksDebug.a in Frameworks */,
				E45BE97B0E8CC7DD009D7055 /* AGL.framework in Frameworks */,
				E45BE97C0E8CC7DD009D7055 /* ApplicationServices.framework in Frameworks */,
				E45BE97D0E8CC7DD009D7055 /* AudioToolbox.framework in Frameworks */,
				E45BE97E0E8CC7DD009D7055 /* Carbon.framework in Frameworks */,
				E45BE97F0E8CC7DD009D7055 /* CoreAudio.framework in Frameworks */,
				E45BE9800E8CC7DD009D7055 /* CoreFoundation.framework in Frameworks */,
				E45BE9810E8CC7DD009D7055 /* CoreServices.framework in Frameworks */,
				E45BE9830E8CC7DD009D7055 /* OpenGL.framework in Frameworks */,
				E45BE9840E8CC7DD009D7055 /* QuickTime.framework in Frameworks */,
				E4C2424710CC5A17004149E2 /* AppKit.framework in Frameworks */,
				E4C2424810CC5A17004149E2 /* Cocoa.framework in Frameworks */,
				E4C2424910CC5A17004149E2 /* IOKit.framework in Frameworks */,
			);
			runOnlyForDeploymentPostprocessing = 0;
		};
/* End PBXFrameworksBuildPhase section */

/* Begin PBXGroup section */
		460A38B414E2DC4E004A3450 /* ofxControlPanel */ = {
			isa = PBXGroup;
			children = (
				460A38B514E2DC4E004A3450 /* .gitignore */,
				460A38B614E2DC4E004A3450 /* bin */,
				460A38D314E2DC4E004A3450 /* currentScreen.png */,
				460A38D414E2DC4E004A3450 /* ofxControlPanelDemo.xcodeproj */,
				460A38D714E2DC4E004A3450 /* openFrameworks-Info.plist */,
				460A38D814E2DC4E004A3450 /* src */,
			);
			name = ofxControlPanel;
			path = ../../../addons/ofxControlPanel;
			sourceTree = "<group>";
		};
		460A38B614E2DC4E004A3450 /* bin */ = {
			isa = PBXGroup;
			children = (
				460A38B714E2DC4E004A3450 /* .gitignore */,
				460A38B814E2DC4E004A3450 /* data */,
			);
			path = bin;
			sourceTree = "<group>";
		};
		460A38B814E2DC4E004A3450 /* data */ = {
			isa = PBXGroup;
			children = (
				460A38B914E2DC4E004A3450 /* controlPanelSettings.xml */,
				460A38BA14E2DC4E004A3450 /* images */,
				460A38D214E2DC4E004A3450 /* MONACO.TTF */,
			);
			path = data;
			sourceTree = "<group>";
		};
		460A38BA14E2DC4E004A3450 /* images */ = {
			isa = PBXGroup;
			children = (
				460A38BB14E2DC4E004A3450 /* of_logos */,
			);
			path = images;
			sourceTree = "<group>";
		};
		460A38BB14E2DC4E004A3450 /* of_logos */ = {
			isa = PBXGroup;
			children = (
				460A38BC14E2DC4E004A3450 /* DSC09302.jpg */,
				460A38BD14E2DC4E004A3450 /* DSC09305.jpg */,
				460A38BE14E2DC4E004A3450 /* DSC09307.jpg */,
				460A38BF14E2DC4E004A3450 /* DSC09310.jpg */,
				460A38C014E2DC4E004A3450 /* DSC09311.jpg */,
				460A38C114E2DC4E004A3450 /* DSC09315.jpg */,
				460A38C214E2DC4E004A3450 /* DSC09316.jpg */,
				460A38C314E2DC4E004A3450 /* DSC09318.jpg */,
				460A38C414E2DC4E004A3450 /* DSC09320.jpg */,
				460A38C514E2DC4E004A3450 /* DSC09322.jpg */,
				460A38C614E2DC4E004A3450 /* DSC09324.jpg */,
				460A38C714E2DC4E004A3450 /* DSC09326.jpg */,
				460A38C814E2DC4E004A3450 /* DSC09327.jpg */,
				460A38C914E2DC4E004A3450 /* DSC09329.jpg */,
				460A38CA14E2DC4E004A3450 /* DSC09330.jpg */,
				460A38CB14E2DC4E004A3450 /* DSC09334.jpg */,
				460A38CC14E2DC4E004A3450 /* DSC09336.jpg */,
				460A38CD14E2DC4E004A3450 /* DSC09337.jpg */,
				460A38CE14E2DC4E004A3450 /* DSC09341.jpg */,
				460A38CF14E2DC4E004A3450 /* DSC09343.jpg */,
				460A38D014E2DC4E004A3450 /* DSC09344.jpg */,
				460A38D114E2DC4E004A3450 /* DSC09347.jpg */,
			);
			path = of_logos;
			sourceTree = "<group>";
		};
		460A38D514E2DC4E004A3450 /* Products */ = {
			isa = PBXGroup;
			children = (
				460A394A14E2DC4F004A3450 /* ofxControlPanelDemoDebug.app */,
			);
			name = Products;
			sourceTree = "<group>";
		};
		460A38D814E2DC4E004A3450 /* src */ = {
			isa = PBXGroup;
			children = (
				460A38D914E2DC4E004A3450 /* backgroundSubtractionExample.cpp */,
				460A38DA14E2DC4E004A3450 /* backgroundSubtractionExample.h */,
				460A38DB14E2DC4E004A3450 /* customDrawer.cpp */,
				460A38DC14E2DC4E004A3450 /* customDrawer.h */,
				460A38DD14E2DC4E004A3450 /* main.cpp */,
				460A38DE14E2DC4E004A3450 /* ofAddons.h */,
				460A38DF14E2DC4E004A3450 /* ofxControlPanel */,
				460A391B14E2DC4E004A3450 /* testApp.cpp */,
				460A391C14E2DC4E004A3450 /* testApp.h */,
				460A391D14E2DC4E004A3450 /* vectorField */,
				460A392014E2DC4E004A3450 /* videoMotionExample.cpp */,
				460A392114E2DC4E004A3450 /* videoMotionExample.h */,
			);
			path = src;
			sourceTree = "<group>";
		};
		460A38DF14E2DC4E004A3450 /* ofxControlPanel */ = {
			isa = PBXGroup;
			children = (
				460A38E014E2DC4E004A3450 /* src */,
			);
			path = ofxControlPanel;
			sourceTree = "<group>";
		};
		460A38E014E2DC4E004A3450 /* src */ = {
			isa = PBXGroup;
			children = (
				460A38E114E2DC4E004A3450 /* guiBaseObject.cpp */,
				460A38E214E2DC4E004A3450 /* guiBaseObject.h */,
				460A38E314E2DC4E004A3450 /* guiCallback.cpp */,
				460A38E414E2DC4E004A3450 /* guiCallback.h */,
				460A38E514E2DC4E004A3450 /* guiCallbackValue.cpp */,
				460A38E614E2DC4E004A3450 /* guiCallbackValue.h */,
				460A38E714E2DC4E004A3450 /* guiColor.cpp */,
				460A38E814E2DC4E004A3450 /* guiColor.h */,
				460A38E914E2DC4E004A3450 /* guiCustomImpl.h */,
				460A38EA14E2DC4E004A3450 /* guiIncludes.h */,
				460A38EB14E2DC4E004A3450 /* guiTextBase.cpp */,
				460A38EC14E2DC4E004A3450 /* guiTextBase.h */,
				460A38ED14E2DC4E004A3450 /* guiType2DSlider.cpp */,
				460A38EE14E2DC4E004A3450 /* guiType2DSlider.h */,
				460A38EF14E2DC4E004A3450 /* guiTypeButtonSlider.cpp */,
				460A38F014E2DC4E004A3450 /* guiTypeButtonSlider.h */,
				460A38F114E2DC4E004A3450 /* guiTypeChartPlotter.cpp */,
				460A38F214E2DC4E004A3450 /* guiTypeChartPlotter.h */,
				460A38F314E2DC4E004A3450 /* guiTypeCustom.cpp */,
				460A38F414E2DC4E004A3450 /* guiTypeCustom.h */,
				460A38F514E2DC4E004A3450 /* guiTypeDrawable.cpp */,
				460A38F614E2DC4E004A3450 /* guiTypeDrawable.h */,
				460A38F714E2DC4E004A3450 /* guiTypeFileLister.cpp */,
				460A38F814E2DC4E004A3450 /* guiTypeFileLister.h */,
				460A38F914E2DC4E004A3450 /* guiTypeLabel.cpp */,
				460A38FA14E2DC4E004A3450 /* guiTypeLabel.h */,
				460A38FB14E2DC4E004A3450 /* guiTypeLogger.cpp */,
				460A38FC14E2DC4E004A3450 /* guiTypeLogger.h */,
				460A38FD14E2DC4E004A3450 /* guiTypeMultiToggle.cpp */,
				460A38FE14E2DC4E004A3450 /* guiTypeMultiToggle.h */,
				460A38FF14E2DC4E004A3450 /* guiTypePanel.cpp */,
				460A390014E2DC4E004A3450 /* guiTypePanel.h */,
				460A390114E2DC4E004A3450 /* guiTypeSlider.cpp */,
				460A390214E2DC4E004A3450 /* guiTypeSlider.h */,
				460A390314E2DC4E004A3450 /* guiTypeText.cpp */,
				460A390414E2DC4E004A3450 /* guiTypeText.h */,
				460A390514E2DC4E004A3450 /* guiTypeTextDropDown.cpp */,
				460A390614E2DC4E004A3450 /* guiTypeTextDropDown.h */,
				460A390714E2DC4E004A3450 /* guiTypeTextInput.cpp */,
				460A390814E2DC4E004A3450 /* guiTypeTextInput.h */,
				460A390914E2DC4E004A3450 /* guiTypeToggle.cpp */,
				460A390A14E2DC4E004A3450 /* guiTypeToggle.h */,
				460A390B14E2DC4E004A3450 /* guiTypeVairableLister.cpp */,
				460A390C14E2DC4E004A3450 /* guiTypeVairableLister.h */,
				460A390D14E2DC4E004A3450 /* guiTypeVideo.cpp */,
				460A390E14E2DC4E004A3450 /* guiTypeVideo.h */,
				460A390F14E2DC4E004A3450 /* guiValue.cpp */,
				460A391014E2DC4E004A3450 /* guiValue.h */,
				460A391114E2DC4E004A3450 /* guiVariablePointer.h */,
				460A391214E2DC4E004A3450 /* guiXmlValue.h */,
				460A391314E2DC4E004A3450 /* ofxControlPanel.cpp */,
				460A391414E2DC4E004A3450 /* ofxControlPanel.h */,
				460A391514E2DC4E004A3450 /* simpleColor.cpp */,
				460A391614E2DC4E004A3450 /* simpleColor.h */,
				460A391714E2DC4E004A3450 /* simpleFileLister.cpp */,
				460A391814E2DC4E004A3450 /* simpleFileLister.h */,
				460A391914E2DC4E004A3450 /* simpleLogger.cpp */,
				460A391A14E2DC4E004A3450 /* simpleLogger.h */,
			);
			path = src;
			sourceTree = "<group>";
		};
		460A391D14E2DC4E004A3450 /* vectorField */ = {
			isa = PBXGroup;
			children = (
				460A391E14E2DC4E004A3450 /* vectorField.cpp */,
				460A391F14E2DC4E004A3450 /* vectorField.h */,
			);
			path = vectorField;
			sourceTree = "<group>";
		};
		531AF6BC144D2433000DA4AA /* utils */ = {
			isa = PBXGroup;
			children = (
				531AF6BD144D2433000DA4AA /* ofxControlPanel */,
			);
			path = utils;
			sourceTree = "<group>";
		};
		531AF6BD144D2433000DA4AA /* ofxControlPanel */ = {
			isa = PBXGroup;
			children = (
				531AF6BE144D2433000DA4AA /* guiBaseObject.h */,
				531AF6BF144D2433000DA4AA /* guiColor.h */,
				531AF6C0144D2433000DA4AA /* guiCustomImpl.h */,
				531AF6C1144D2433000DA4AA /* guiIncludes.h */,
				531AF6C2144D2433000DA4AA /* guiTextBase.h */,
				531AF6C3144D2433000DA4AA /* guiType2DSlider.h */,
				531AF6C4144D2433000DA4AA /* guiTypeCustom.h */,
				531AF6C5144D2433000DA4AA /* guiTypeDrawable.h */,
				531AF6C6144D2433000DA4AA /* guiTypeFileLister.h */,
				531AF6C7144D2433000DA4AA /* guiTypeLogger.h */,
				531AF6C8144D2433000DA4AA /* guiTypeMultiToggle.h */,
				531AF6C9144D2434000DA4AA /* guiTypePanel.h */,
				531AF6CA144D2434000DA4AA /* guiTypeSlider.h */,
				531AF6CB144D2434000DA4AA /* guiTypeText.h */,
				531AF6CC144D2434000DA4AA /* guiTypeToggle.h */,
				531AF6CD144D2434000DA4AA /* guiValue.h */,
				531AF6CE144D2434000DA4AA /* guiXmlValue.h */,
				531AF6CF144D2434000DA4AA /* ofxControlPanel.cpp */,
				531AF6D0144D2434000DA4AA /* ofxControlPanel.h */,
				531AF6D1144D2434000DA4AA /* simpleColor.h */,
				531AF6D2144D2434000DA4AA /* simpleFileLister.h */,
				531AF6D3144D2434000DA4AA /* simpleLogger.h */,
			);
			path = ofxControlPanel;
			sourceTree = "<group>";
		};
		531AF6D5144D2478000DA4AA /* ofxXmlSettings */ = {
			isa = PBXGroup;
			children = (
				531AF6D6144D2478000DA4AA /* install.xml */,
				531AF6D7144D2478000DA4AA /* libs */,
				531AF6DC144D2478000DA4AA /* src */,
			);
			name = ofxXmlSettings;
			path = ../../../addons/ofxXmlSettings;
			sourceTree = "<group>";
		};
		531AF6D7144D2478000DA4AA /* libs */ = {
			isa = PBXGroup;
			children = (
				531AF6D8144D2478000DA4AA /* tinyxml.cpp */,
				531AF6D9144D2478000DA4AA /* tinyxml.h */,
				531AF6DA144D2478000DA4AA /* tinyxmlerror.cpp */,
				531AF6DB144D2478000DA4AA /* tinyxmlparser.cpp */,
			);
			path = libs;
			sourceTree = "<group>";
		};
		531AF6DC144D2478000DA4AA /* src */ = {
			isa = PBXGroup;
			children = (
				531AF6DD144D2478000DA4AA /* ofxXmlSettings.cpp */,
				531AF6DE144D2478000DA4AA /* ofxXmlSettings.h */,
			);
			path = src;
			sourceTree = "<group>";
		};
		531AF6E3144D2489000DA4AA /* ofxDirList */ = {
			isa = PBXGroup;
			children = (
				531AF6E4144D2489000DA4AA /* doc */,
				531AF6E6144D2489000DA4AA /* install.xml */,
				531AF6E7144D2489000DA4AA /* src */,
			);
			name = ofxDirList;
			path = ../../../addons/ofxDirList;
			sourceTree = "<group>";
		};
		531AF6E4144D2489000DA4AA /* doc */ = {
			isa = PBXGroup;
			children = (
				531AF6E5144D2489000DA4AA /* Instructions.txt */,
			);
			path = doc;
			sourceTree = "<group>";
		};
		531AF6E7144D2489000DA4AA /* src */ = {
			isa = PBXGroup;
			children = (
				531AF6E8144D2489000DA4AA /* ofxDirList.h */,
			);
			path = src;
			sourceTree = "<group>";
		};
		BAF75BEF146331A90000417B /* src */ = {
			isa = PBXGroup;
			children = (
				BAF75BDD146331A90000417B /* ofxCvBlob.h */,
				BAF75BDE146331A90000417B /* ofxCvColorImage.cpp */,
				BAF75BDF146331A90000417B /* ofxCvColorImage.h */,
				BAF75BE0146331A90000417B /* ofxCvConstants.h */,
				BAF75BE1146331A90000417B /* ofxCvContourFinder.cpp */,
				BAF75BE2146331A90000417B /* ofxCvContourFinder.h */,
				BAF75BE3146331A90000417B /* ofxCvFloatImage.cpp */,
				BAF75BE4146331A90000417B /* ofxCvFloatImage.h */,
				BAF75BE5146331A90000417B /* ofxCvGrayscaleImage.cpp */,
				BAF75BE6146331A90000417B /* ofxCvGrayscaleImage.h */,
				BAF75BE7146331A90000417B /* ofxCvImage.cpp */,
				BAF75BE8146331A90000417B /* ofxCvImage.h */,
				BAF75BE9146331A90000417B /* ofxCvHaarFinder.cpp */,
				BAF75BEA146331A90000417B /* ofxCvHaarFinder.h */,
				BAF75BEB146331A90000417B /* ofxCvMain.h */,
				BAF75BEC146331A90000417B /* ofxCvShortImage.cpp */,
				BAF75BED146331A90000417B /* ofxCvShortImage.h */,
				BAF75BEE146331A90000417B /* ofxOpenCv.h */,
			);
			name = src;
			sourceTree = "<group>";
		};
		BAF75BF0146331A90000417B /* ofxOpenCv */ = {
			isa = PBXGroup;
			children = (
				BAF75BEF146331A90000417B /* src */,
			);
			name = ofxOpenCv;
			sourceTree = "<group>";
		};
		BB4B014C10F69532006C3DED /* addons */ = {
			isa = PBXGroup;
			children = (
				460A38B414E2DC4E004A3450 /* ofxControlPanel */,
				531AF6E3144D2489000DA4AA /* ofxDirList */,
				531AF6D5144D2478000DA4AA /* ofxXmlSettings */,
				BAF75BF0146331A90000417B /* ofxOpenCv */,
			);
			name = addons;
			sourceTree = "<group>";
		};
		BBAB23C913894ECA00AA2426 /* system frameworks */ = {
			isa = PBXGroup;
			children = (
				E4C2424410CC5A17004149E2 /* AppKit.framework */,
				E4C2424510CC5A17004149E2 /* Cocoa.framework */,
				E4C2424610CC5A17004149E2 /* IOKit.framework */,
				E45BE9710E8CC7DD009D7055 /* AGL.framework */,
				E45BE9720E8CC7DD009D7055 /* ApplicationServices.framework */,
				E45BE9730E8CC7DD009D7055 /* AudioToolbox.framework */,
				E45BE9740E8CC7DD009D7055 /* Carbon.framework */,
				E45BE9750E8CC7DD009D7055 /* CoreAudio.framework */,
				E45BE9760E8CC7DD009D7055 /* CoreFoundation.framework */,
				E45BE9770E8CC7DD009D7055 /* CoreServices.framework */,
				E45BE9790E8CC7DD009D7055 /* OpenGL.framework */,
				E45BE97A0E8CC7DD009D7055 /* QuickTime.framework */,
			);
			name = "system frameworks";
			sourceTree = "<group>";
		};
		BBAB23CA13894EDB00AA2426 /* 3rd party frameworks */ = {
			isa = PBXGroup;
			children = (
				BBAB23BE13894E4700AA2426 /* GLUT.framework */,
			);
			name = "3rd party frameworks";
			sourceTree = "<group>";
		};
		E4328144138ABC890047C5CB /* Products */ = {
			isa = PBXGroup;
			children = (
				E4328148138ABC890047C5CB /* openFrameworksDebug.a */,
			);
			name = Products;
			sourceTree = "<group>";
		};
		E45BE5980E8CC70C009D7055 /* frameworks */ = {
			isa = PBXGroup;
			children = (
				BBAB23CA13894EDB00AA2426 /* 3rd party frameworks */,
				BBAB23C913894ECA00AA2426 /* system frameworks */,
			);
			name = frameworks;
			sourceTree = "<group>";
		};
		E4B69B4A0A3A1720003C02F2 = {
			isa = PBXGroup;
			children = (
				E4B6FCAD0C3E899E008CF71C /* openFrameworks-Info.plist */,
				E4EB6923138AFD0F00A09F29 /* Project.xcconfig */,
				E4B69E1C0A3A1BDC003C02F2 /* src */,
				E4EEC9E9138DF44700A80321 /* openFrameworks */,
				BB4B014C10F69532006C3DED /* addons */,
				E45BE5980E8CC70C009D7055 /* frameworks */,
				E4B69B5B0A3A1756003C02F2 /* opencvExampleDebug.app */,
			);
			sourceTree = "<group>";
		};
		E4B69E1C0A3A1BDC003C02F2 /* src */ = {
			isa = PBXGroup;
			children = (
				E4B69E1D0A3A1BDC003C02F2 /* main.cpp */,
				E4B69E1E0A3A1BDC003C02F2 /* testApp.cpp */,
				E4B69E1F0A3A1BDC003C02F2 /* testApp.h */,
				531AF6BC144D2433000DA4AA /* utils */,
			);
			path = src;
			sourceTree = SOURCE_ROOT;
		};
		E4EEC9E9138DF44700A80321 /* openFrameworks */ = {
			isa = PBXGroup;
			children = (
				E4EB691F138AFCF100A09F29 /* CoreOF.xcconfig */,
				E4328143138ABC890047C5CB /* openFrameworksLib.xcodeproj */,
			);
			name = openFrameworks;
			sourceTree = "<group>";
		};
/* End PBXGroup section */

/* Begin PBXNativeTarget section */
		E4B69B5A0A3A1756003C02F2 /* opencvExample */ = {
			isa = PBXNativeTarget;
			buildConfigurationList = E4B69B5F0A3A1757003C02F2 /* Build configuration list for PBXNativeTarget "opencvExample" */;
			buildPhases = (
				E4B69B580A3A1756003C02F2 /* Sources */,
				E4B69B590A3A1756003C02F2 /* Frameworks */,
				E4B6FFFD0C3F9AB9008CF71C /* ShellScript */,
				E4C2427710CC5ABF004149E2 /* CopyFiles */,
			);
			buildRules = (
			);
			dependencies = (
				E4EEB9AC138B136A00A80321 /* PBXTargetDependency */,
			);
			name = opencvExample;
			productName = myOFApp;
			productReference = E4B69B5B0A3A1756003C02F2 /* opencvExampleDebug.app */;
			productType = "com.apple.product-type.application";
		};
/* End PBXNativeTarget section */

/* Begin PBXProject section */
		E4B69B4C0A3A1720003C02F2 /* Project object */ = {
			isa = PBXProject;
			buildConfigurationList = E4B69B4D0A3A1720003C02F2 /* Build configuration list for PBXProject "opencvExample" */;
			compatibilityVersion = "Xcode 2.4";
			developmentRegion = English;
			hasScannedForEncodings = 0;
			knownRegions = (
				English,
				Japanese,
				French,
				German,
			);
			mainGroup = E4B69B4A0A3A1720003C02F2;
			productRefGroup = E4B69B4A0A3A1720003C02F2;
			projectDirPath = "";
			projectReferences = (
				{
					ProductGroup = 460A38D514E2DC4E004A3450 /* Products */;
					ProjectRef = 460A38D414E2DC4E004A3450 /* ofxControlPanelDemo.xcodeproj */;
				},
				{
					ProductGroup = E4328144138ABC890047C5CB /* Products */;
					ProjectRef = E4328143138ABC890047C5CB /* openFrameworksLib.xcodeproj */;
				},
			);
			projectRoot = "";
			targets = (
				E4B69B5A0A3A1756003C02F2 /* opencvExample */,
			);
		};
/* End PBXProject section */

/* Begin PBXReferenceProxy section */
		460A394A14E2DC4F004A3450 /* ofxControlPanelDemoDebug.app */ = {
			isa = PBXReferenceProxy;
			fileType = wrapper.application;
			path = ofxControlPanelDemoDebug.app;
			remoteRef = 460A394914E2DC4F004A3450 /* PBXContainerItemProxy */;
			sourceTree = BUILT_PRODUCTS_DIR;
		};
		E4328148138ABC890047C5CB /* openFrameworksDebug.a */ = {
			isa = PBXReferenceProxy;
			fileType = archive.ar;
			path = openFrameworksDebug.a;
			remoteRef = E4328147138ABC890047C5CB /* PBXContainerItemProxy */;
			sourceTree = BUILT_PRODUCTS_DIR;
		};
/* End PBXReferenceProxy section */

/* Begin PBXShellScriptBuildPhase section */
		E4B6FFFD0C3F9AB9008CF71C /* ShellScript */ = {
			isa = PBXShellScriptBuildPhase;
			buildActionMask = 2147483647;
			files = (
			);
			inputPaths = (
			);
			outputPaths = (
			);
			runOnlyForDeploymentPostprocessing = 0;
			shellPath = /bin/sh;
			shellScript = "cp -f ../../../libs/fmodex/lib/osx/libfmodex.dylib \"$TARGET_BUILD_DIR/$PRODUCT_NAME.app/Contents/MacOS/libfmodex.dylib\"; install_name_tool -change ./libfmodex.dylib @executable_path/libfmodex.dylib \"$TARGET_BUILD_DIR/$PRODUCT_NAME.app/Contents/MacOS/$PRODUCT_NAME\";";
		};
/* End PBXShellScriptBuildPhase section */

/* Begin PBXSourcesBuildPhase section */
		E4B69B580A3A1756003C02F2 /* Sources */ = {
			isa = PBXSourcesBuildPhase;
			buildActionMask = 2147483647;
			files = (
				E4B69E200A3A1BDC003C02F2 /* main.cpp in Sources */,
				E4B69E210A3A1BDC003C02F2 /* testApp.cpp in Sources */,
				BAF75BF5146331A90000417B /* ofxCvColorImage.cpp in Sources */,
				BAF75BF6146331A90000417B /* ofxCvContourFinder.cpp in Sources */,
				BAF75BF7146331A90000417B /* ofxCvFloatImage.cpp in Sources */,
				BAF75BF8146331A90000417B /* ofxCvGrayscaleImage.cpp in Sources */,
				BAF75BF9146331A90000417B /* ofxCvImage.cpp in Sources */,
				BAF75BFA146331A90000417B /* ofxCvHaarFinder.cpp in Sources */,
				BAF75BFB146331A90000417B /* ofxCvShortImage.cpp in Sources */,
				531AF6D4144D2434000DA4AA /* ofxControlPanel.cpp in Sources */,
				531AF6DF144D2478000DA4AA /* tinyxml.cpp in Sources */,
				531AF6E0144D2478000DA4AA /* tinyxmlerror.cpp in Sources */,
				531AF6E1144D2478000DA4AA /* tinyxmlparser.cpp in Sources */,
				531AF6E2144D2478000DA4AA /* ofxXmlSettings.cpp in Sources */,
				460A392714E2DC4F004A3450 /* backgroundSubtractionExample.cpp in Sources */,
				460A392814E2DC4F004A3450 /* customDrawer.cpp in Sources */,
				460A392914E2DC4F004A3450 /* main.cpp in Sources */,
				460A392A14E2DC4F004A3450 /* guiBaseObject.cpp in Sources */,
				460A392B14E2DC4F004A3450 /* guiCallback.cpp in Sources */,
				460A392C14E2DC4F004A3450 /* guiCallbackValue.cpp in Sources */,
				460A392D14E2DC4F004A3450 /* guiColor.cpp in Sources */,
				460A392E14E2DC4F004A3450 /* guiTextBase.cpp in Sources */,
				460A392F14E2DC4F004A3450 /* guiType2DSlider.cpp in Sources */,
				460A393014E2DC4F004A3450 /* guiTypeButtonSlider.cpp in Sources */,
				460A393114E2DC4F004A3450 /* guiTypeChartPlotter.cpp in Sources */,
				460A393214E2DC4F004A3450 /* guiTypeCustom.cpp in Sources */,
				460A393314E2DC4F004A3450 /* guiTypeDrawable.cpp in Sources */,
				460A393414E2DC4F004A3450 /* guiTypeFileLister.cpp in Sources */,
				460A393514E2DC4F004A3450 /* guiTypeLabel.cpp in Sources */,
				460A393614E2DC4F004A3450 /* guiTypeLogger.cpp in Sources */,
				460A393714E2DC4F004A3450 /* guiTypeMultiToggle.cpp in Sources */,
				460A393814E2DC4F004A3450 /* guiTypePanel.cpp in Sources */,
				460A393914E2DC4F004A3450 /* guiTypeSlider.cpp in Sources */,
				460A393A14E2DC4F004A3450 /* guiTypeText.cpp in Sources */,
				460A393B14E2DC4F004A3450 /* guiTypeTextDropDown.cpp in Sources */,
				460A393C14E2DC4F004A3450 /* guiTypeTextInput.cpp in Sources */,
				460A393D14E2DC4F004A3450 /* guiTypeToggle.cpp in Sources */,
				460A393E14E2DC4F004A3450 /* guiTypeVairableLister.cpp in Sources */,
				460A393F14E2DC4F004A3450 /* guiTypeVideo.cpp in Sources */,
				460A394014E2DC4F004A3450 /* guiValue.cpp in Sources */,
				460A394114E2DC4F004A3450 /* ofxControlPanel.cpp in Sources */,
				460A394214E2DC4F004A3450 /* simpleColor.cpp in Sources */,
				460A394314E2DC4F004A3450 /* simpleFileLister.cpp in Sources */,
				460A394414E2DC4F004A3450 /* simpleLogger.cpp in Sources */,
				460A394514E2DC4F004A3450 /* testApp.cpp in Sources */,
				460A394614E2DC4F004A3450 /* vectorField.cpp in Sources */,
				460A394714E2DC4F004A3450 /* videoMotionExample.cpp in Sources */,
			);
			runOnlyForDeploymentPostprocessing = 0;
		};
/* End PBXSourcesBuildPhase section */

/* Begin PBXTargetDependency section */
		E4EEB9AC138B136A00A80321 /* PBXTargetDependency */ = {
			isa = PBXTargetDependency;
			name = openFrameworks;
			targetProxy = E4EEB9AB138B136A00A80321 /* PBXContainerItemProxy */;
		};
/* End PBXTargetDependency section */

/* Begin XCBuildConfiguration section */
		E4B69B4E0A3A1720003C02F2 /* Debug */ = {
			isa = XCBuildConfiguration;
			baseConfigurationReference = E4EB6923138AFD0F00A09F29 /* Project.xcconfig */;
			buildSettings = {
				ARCHS = "$(NATIVE_ARCH)";
				CONFIGURATION_BUILD_DIR = "$(SRCROOT)/bin/";
				COPY_PHASE_STRIP = NO;
				DEAD_CODE_STRIPPING = YES;
				GCC_AUTO_VECTORIZATION = YES;
				GCC_ENABLE_SSE3_EXTENSIONS = YES;
				GCC_ENABLE_SUPPLEMENTAL_SSE3_INSTRUCTIONS = YES;
				GCC_INLINES_ARE_PRIVATE_EXTERN = NO;
				GCC_MODEL_TUNING = G5;
				GCC_SYMBOLS_PRIVATE_EXTERN = NO;
				GCC_WARN_ABOUT_DEPRECATED_FUNCTIONS = NO;
				GCC_WARN_ABOUT_INVALID_OFFSETOF_MACRO = NO;
				GCC_WARN_ALLOW_INCOMPLETE_PROTOCOL = NO;
				GCC_WARN_UNINITIALIZED_AUTOS = NO;
				GCC_WARN_UNUSED_VALUE = NO;
				GCC_WARN_UNUSED_VARIABLE = NO;
				OTHER_CPLUSPLUSFLAGS = (
					"-D__MACOSX_CORE__",
					"-lpthread",
				);
			};
			name = Debug;
		};
		E4B69B4F0A3A1720003C02F2 /* Release */ = {
			isa = XCBuildConfiguration;
			baseConfigurationReference = E4EB6923138AFD0F00A09F29 /* Project.xcconfig */;
			buildSettings = {
				ARCHS = "$(NATIVE_ARCH)";
				CONFIGURATION_BUILD_DIR = "$(SRCROOT)/bin/";
				COPY_PHASE_STRIP = YES;
				DEAD_CODE_STRIPPING = YES;
				GCC_AUTO_VECTORIZATION = YES;
				GCC_ENABLE_SSE3_EXTENSIONS = YES;
				GCC_ENABLE_SUPPLEMENTAL_SSE3_INSTRUCTIONS = YES;
				GCC_INLINES_ARE_PRIVATE_EXTERN = NO;
				GCC_MODEL_TUNING = G5;
				GCC_OPTIMIZATION_LEVEL = 3;
				GCC_SYMBOLS_PRIVATE_EXTERN = NO;
				GCC_UNROLL_LOOPS = YES;
				GCC_WARN_ABOUT_DEPRECATED_FUNCTIONS = NO;
				GCC_WARN_ABOUT_INVALID_OFFSETOF_MACRO = NO;
				GCC_WARN_ALLOW_INCOMPLETE_PROTOCOL = NO;
				GCC_WARN_UNINITIALIZED_AUTOS = NO;
				GCC_WARN_UNUSED_VALUE = NO;
				GCC_WARN_UNUSED_VARIABLE = NO;
				OTHER_CPLUSPLUSFLAGS = (
					"-D__MACOSX_CORE__",
					"-lpthread",
				);
			};
			name = Release;
		};
		E4B69B600A3A1757003C02F2 /* Debug */ = {
			isa = XCBuildConfiguration;
			buildSettings = {
				COPY_PHASE_STRIP = NO;
				FRAMEWORK_SEARCH_PATHS = (
					"$(inherited)",
					"$(FRAMEWORK_SEARCH_PATHS_QUOTED_FOR_TARGET_1)",
				);
				FRAMEWORK_SEARCH_PATHS_QUOTED_FOR_TARGET_1 = "\"$(SRCROOT)/../../../libs/glut/lib/osx\"";
				GCC_DYNAMIC_NO_PIC = NO;
				GCC_ENABLE_FIX_AND_CONTINUE = YES;
				GCC_GENERATE_DEBUGGING_SYMBOLS = YES;
				GCC_MODEL_TUNING = G4;
				GCC_PRECOMPILE_PREFIX_HEADER = YES;
				GCC_PREFIX_HEADER = "$(SYSTEM_LIBRARY_DIR)/Frameworks/Carbon.framework/Headers/Carbon.h";
				INFOPLIST_FILE = "openFrameworks-Info.plist";
				INSTALL_PATH = "$(HOME)/Applications";
				LIBRARY_SEARCH_PATHS = (
					"$(inherited)",
					"$(LIBRARY_SEARCH_PATHS_QUOTED_FOR_TARGET_1)",
					"$(LIBRARY_SEARCH_PATHS_QUOTED_FOR_TARGET_2)",
					"$(LIBRARY_SEARCH_PATHS_QUOTED_FOR_TARGET_3)",
					"$(LIBRARY_SEARCH_PATHS_QUOTED_FOR_TARGET_4)",
					"$(LIBRARY_SEARCH_PATHS_QUOTED_FOR_TARGET_5)",
					"$(LIBRARY_SEARCH_PATHS_QUOTED_FOR_TARGET_6)",
					"$(LIBRARY_SEARCH_PATHS_QUOTED_FOR_TARGET_7)",
					"$(LIBRARY_SEARCH_PATHS_QUOTED_FOR_TARGET_8)",
					"$(LIBRARY_SEARCH_PATHS_QUOTED_FOR_TARGET_9)",
					"$(LIBRARY_SEARCH_PATHS_QUOTED_FOR_TARGET_10)",
					"$(LIBRARY_SEARCH_PATHS_QUOTED_FOR_TARGET_11)",
					"$(LIBRARY_SEARCH_PATHS_QUOTED_FOR_TARGET_12)",
					"$(LIBRARY_SEARCH_PATHS_QUOTED_FOR_TARGET_13)",
					"$(LIBRARY_SEARCH_PATHS_QUOTED_FOR_TARGET_14)",
					"$(LIBRARY_SEARCH_PATHS_QUOTED_FOR_TARGET_15)",
					"$(LIBRARY_SEARCH_PATHS_QUOTED_FOR_TARGET_2)",
					"$(LIBRARY_SEARCH_PATHS_QUOTED_FOR_TARGET_3)",
					"$(LIBRARY_SEARCH_PATHS_QUOTED_FOR_TARGET_7)",
					"$(LIBRARY_SEARCH_PATHS_QUOTED_FOR_TARGET_8)",
					"$(LIBRARY_SEARCH_PATHS_QUOTED_FOR_TARGET_9)",
					"$(LIBRARY_SEARCH_PATHS_QUOTED_FOR_TARGET_10)",
					"$(LIBRARY_SEARCH_PATHS_QUOTED_FOR_TARGET_11)",
					"$(LIBRARY_SEARCH_PATHS_QUOTED_FOR_TARGET_12)",
					"$(LIBRARY_SEARCH_PATHS_QUOTED_FOR_TARGET_13)",
					"$(LIBRARY_SEARCH_PATHS_QUOTED_FOR_TARGET_16)",
					"$(LIBRARY_SEARCH_PATHS_QUOTED_FOR_TARGET_17)",
					"$(LIBRARY_SEARCH_PATHS_QUOTED_FOR_TARGET_18)",
					"$(LIBRARY_SEARCH_PATHS_QUOTED_FOR_TARGET_19)",
					"$(LIBRARY_SEARCH_PATHS_QUOTED_FOR_TARGET_20)",
					"$(LIBRARY_SEARCH_PATHS_QUOTED_FOR_TARGET_21)",
					"$(LIBRARY_SEARCH_PATHS_QUOTED_FOR_TARGET_22)",
					"$(LIBRARY_SEARCH_PATHS_QUOTED_FOR_TARGET_23)",
					"$(LIBRARY_SEARCH_PATHS_QUOTED_FOR_TARGET_24)",
					"$(LIBRARY_SEARCH_PATHS_QUOTED_FOR_TARGET_25)",
					"$(LIBRARY_SEARCH_PATHS_QUOTED_FOR_TARGET_26)",
					"$(LIBRARY_SEARCH_PATHS_QUOTED_FOR_TARGET_27)",
					"$(LIBRARY_SEARCH_PATHS_QUOTED_FOR_TARGET_28)",
					"$(LIBRARY_SEARCH_PATHS_QUOTED_FOR_TARGET_29)",
					"$(LIBRARY_SEARCH_PATHS_QUOTED_FOR_TARGET_30)",
					"$(LIBRARY_SEARCH_PATHS_QUOTED_FOR_TARGET_31)",
					"$(LIBRARY_SEARCH_PATHS_QUOTED_FOR_TARGET_32)",
					"$(LIBRARY_SEARCH_PATHS_QUOTED_FOR_TARGET_33)",
					"$(LIBRARY_SEARCH_PATHS_QUOTED_FOR_TARGET_34)",
					"$(LIBRARY_SEARCH_PATHS_QUOTED_FOR_TARGET_35)",
					"$(LIBRARY_SEARCH_PATHS_QUOTED_FOR_TARGET_36)",
					"$(LIBRARY_SEARCH_PATHS_QUOTED_FOR_TARGET_37)",
					"$(LIBRARY_SEARCH_PATHS_QUOTED_FOR_TARGET_38)",
					"$(LIBRARY_SEARCH_PATHS_QUOTED_FOR_TARGET_39)",
					"$(LIBRARY_SEARCH_PATHS_QUOTED_FOR_TARGET_40)",
					"$(LIBRARY_SEARCH_PATHS_QUOTED_FOR_TARGET_41)",
					"$(LIBRARY_SEARCH_PATHS_QUOTED_FOR_TARGET_42)",
					"$(LIBRARY_SEARCH_PATHS_QUOTED_FOR_TARGET_43)",
					"$(LIBRARY_SEARCH_PATHS_QUOTED_FOR_TARGET_44)",
					"$(LIBRARY_SEARCH_PATHS_QUOTED_FOR_TARGET_45)",
					"$(LIBRARY_SEARCH_PATHS_QUOTED_FOR_TARGET_46)",
					"$(LIBRARY_SEARCH_PATHS_QUOTED_FOR_TARGET_47)",
					"$(LIBRARY_SEARCH_PATHS_QUOTED_FOR_TARGET_48)",
					"$(LIBRARY_SEARCH_PATHS_QUOTED_FOR_TARGET_49)",
					"$(LIBRARY_SEARCH_PATHS_QUOTED_FOR_TARGET_50)",
					"$(LIBRARY_SEARCH_PATHS_QUOTED_FOR_TARGET_51)",
					"$(LIBRARY_SEARCH_PATHS_QUOTED_FOR_TARGET_52)",
				);
				PREBINDING = NO;
				PRODUCT_NAME = "$(TARGET_NAME)Debug";
				WRAPPER_EXTENSION = app;
			};
			name = Debug;
		};
		E4B69B610A3A1757003C02F2 /* Release */ = {
			isa = XCBuildConfiguration;
			buildSettings = {
				COPY_PHASE_STRIP = YES;
				FRAMEWORK_SEARCH_PATHS = (
					"$(inherited)",
					"$(FRAMEWORK_SEARCH_PATHS_QUOTED_FOR_TARGET_1)",
				);
				FRAMEWORK_SEARCH_PATHS_QUOTED_FOR_TARGET_1 = "\"$(SRCROOT)/../../../libs/glut/lib/osx\"";
				GCC_ENABLE_FIX_AND_CONTINUE = NO;
				GCC_GENERATE_DEBUGGING_SYMBOLS = NO;
				GCC_MODEL_TUNING = G4;
				GCC_PRECOMPILE_PREFIX_HEADER = YES;
				GCC_PREFIX_HEADER = "$(SYSTEM_LIBRARY_DIR)/Frameworks/Carbon.framework/Headers/Carbon.h";
				INFOPLIST_FILE = "openFrameworks-Info.plist";
				INSTALL_PATH = "$(HOME)/Applications";
				LIBRARY_SEARCH_PATHS = (
					"$(inherited)",
					"$(LIBRARY_SEARCH_PATHS_QUOTED_FOR_TARGET_1)",
					"$(LIBRARY_SEARCH_PATHS_QUOTED_FOR_TARGET_2)",
					"$(LIBRARY_SEARCH_PATHS_QUOTED_FOR_TARGET_3)",
					"$(LIBRARY_SEARCH_PATHS_QUOTED_FOR_TARGET_4)",
					"$(LIBRARY_SEARCH_PATHS_QUOTED_FOR_TARGET_5)",
					"$(LIBRARY_SEARCH_PATHS_QUOTED_FOR_TARGET_6)",
					"$(LIBRARY_SEARCH_PATHS_QUOTED_FOR_TARGET_7)",
					"$(LIBRARY_SEARCH_PATHS_QUOTED_FOR_TARGET_8)",
					"$(LIBRARY_SEARCH_PATHS_QUOTED_FOR_TARGET_9)",
					"$(LIBRARY_SEARCH_PATHS_QUOTED_FOR_TARGET_10)",
					"$(LIBRARY_SEARCH_PATHS_QUOTED_FOR_TARGET_11)",
					"$(LIBRARY_SEARCH_PATHS_QUOTED_FOR_TARGET_12)",
					"$(LIBRARY_SEARCH_PATHS_QUOTED_FOR_TARGET_13)",
					"$(LIBRARY_SEARCH_PATHS_QUOTED_FOR_TARGET_14)",
					"$(LIBRARY_SEARCH_PATHS_QUOTED_FOR_TARGET_15)",
					"$(LIBRARY_SEARCH_PATHS_QUOTED_FOR_TARGET_2)",
					"$(LIBRARY_SEARCH_PATHS_QUOTED_1)",
					"$(LIBRARY_SEARCH_PATHS_QUOTED_FOR_TARGET_3)",
					"$(LIBRARY_SEARCH_PATHS_QUOTED_FOR_TARGET_7)",
					"$(LIBRARY_SEARCH_PATHS_QUOTED_FOR_TARGET_8)",
					"$(LIBRARY_SEARCH_PATHS_QUOTED_FOR_TARGET_9)",
					"$(LIBRARY_SEARCH_PATHS_QUOTED_FOR_TARGET_10)",
					"$(LIBRARY_SEARCH_PATHS_QUOTED_FOR_TARGET_11)",
					"$(LIBRARY_SEARCH_PATHS_QUOTED_FOR_TARGET_12)",
					"$(LIBRARY_SEARCH_PATHS_QUOTED_FOR_TARGET_13)",
					"$(LIBRARY_SEARCH_PATHS_QUOTED_FOR_TARGET_16)",
					"$(LIBRARY_SEARCH_PATHS_QUOTED_FOR_TARGET_17)",
					"$(LIBRARY_SEARCH_PATHS_QUOTED_FOR_TARGET_18)",
					"$(LIBRARY_SEARCH_PATHS_QUOTED_FOR_TARGET_19)",
					"$(LIBRARY_SEARCH_PATHS_QUOTED_FOR_TARGET_20)",
					"$(LIBRARY_SEARCH_PATHS_QUOTED_FOR_TARGET_21)",
					"$(LIBRARY_SEARCH_PATHS_QUOTED_FOR_TARGET_22)",
					"$(LIBRARY_SEARCH_PATHS_QUOTED_FOR_TARGET_23)",
					"$(LIBRARY_SEARCH_PATHS_QUOTED_FOR_TARGET_24)",
					"$(LIBRARY_SEARCH_PATHS_QUOTED_FOR_TARGET_25)",
					"$(LIBRARY_SEARCH_PATHS_QUOTED_FOR_TARGET_26)",
					"$(LIBRARY_SEARCH_PATHS_QUOTED_FOR_TARGET_27)",
					"$(LIBRARY_SEARCH_PATHS_QUOTED_FOR_TARGET_28)",
					"$(LIBRARY_SEARCH_PATHS_QUOTED_FOR_TARGET_29)",
					"$(LIBRARY_SEARCH_PATHS_QUOTED_FOR_TARGET_30)",
					"$(LIBRARY_SEARCH_PATHS_QUOTED_FOR_TARGET_31)",
					"$(LIBRARY_SEARCH_PATHS_QUOTED_FOR_TARGET_32)",
					"$(LIBRARY_SEARCH_PATHS_QUOTED_FOR_TARGET_33)",
					"$(LIBRARY_SEARCH_PATHS_QUOTED_FOR_TARGET_34)",
					"$(LIBRARY_SEARCH_PATHS_QUOTED_FOR_TARGET_35)",
					"$(LIBRARY_SEARCH_PATHS_QUOTED_FOR_TARGET_36)",
					"$(LIBRARY_SEARCH_PATHS_QUOTED_FOR_TARGET_37)",
					"$(LIBRARY_SEARCH_PATHS_QUOTED_FOR_TARGET_38)",
					"$(LIBRARY_SEARCH_PATHS_QUOTED_FOR_TARGET_39)",
					"$(LIBRARY_SEARCH_PATHS_QUOTED_FOR_TARGET_40)",
					"$(LIBRARY_SEARCH_PATHS_QUOTED_FOR_TARGET_41)",
					"$(LIBRARY_SEARCH_PATHS_QUOTED_FOR_TARGET_42)",
					"$(LIBRARY_SEARCH_PATHS_QUOTED_FOR_TARGET_43)",
					"$(LIBRARY_SEARCH_PATHS_QUOTED_FOR_TARGET_44)",
					"$(LIBRARY_SEARCH_PATHS_QUOTED_FOR_TARGET_45)",
					"$(LIBRARY_SEARCH_PATHS_QUOTED_FOR_TARGET_46)",
					"$(LIBRARY_SEARCH_PATHS_QUOTED_FOR_TARGET_47)",
					"$(LIBRARY_SEARCH_PATHS_QUOTED_FOR_TARGET_48)",
					"$(LIBRARY_SEARCH_PATHS_QUOTED_FOR_TARGET_49)",
					"$(LIBRARY_SEARCH_PATHS_QUOTED_FOR_TARGET_50)",
					"$(LIBRARY_SEARCH_PATHS_QUOTED_FOR_TARGET_51)",
				);
				PREBINDING = NO;
				PRODUCT_NAME = "$(TARGET_NAME)";
				WRAPPER_EXTENSION = app;
			};
			name = Release;
		};
/* End XCBuildConfiguration section */

/* Begin XCConfigurationList section */
		E4B69B4D0A3A1720003C02F2 /* Build configuration list for PBXProject "opencvExample" */ = {
			isa = XCConfigurationList;
			buildConfigurations = (
				E4B69B4E0A3A1720003C02F2 /* Debug */,
				E4B69B4F0A3A1720003C02F2 /* Release */,
			);
			defaultConfigurationIsVisible = 0;
			defaultConfigurationName = Release;
		};
		E4B69B5F0A3A1757003C02F2 /* Build configuration list for PBXNativeTarget "opencvExample" */ = {
			isa = XCConfigurationList;
			buildConfigurations = (
				E4B69B600A3A1757003C02F2 /* Debug */,
				E4B69B610A3A1757003C02F2 /* Release */,
			);
			defaultConfigurationIsVisible = 0;
			defaultConfigurationName = Release;
		};
/* End XCConfigurationList section */
	};
	rootObject = E4B69B4C0A3A1720003C02F2 /* Project object */;
}
